// !$*UTF8*$!
{
	archiveVersion = 1;
	classes = {
	};
	objectVersion = 46;
	objects = {

/* Begin PBXBuildFile section */
		60473EBE58677D6FE2824EF1 /* libPods-ExperimentAppUITests.a in Frameworks */ = {isa = PBXBuildFile; fileRef = 756234E80D909441D7AAD4D8 /* libPods-ExperimentAppUITests.a */; };
		9593870948A22A78A88AE0E2 /* libPods-ExperimentAppTests.a in Frameworks */ = {isa = PBXBuildFile; fileRef = 68AE342FBCA927205EF9154C /* libPods-ExperimentAppTests.a */; };
		A60AE69D1F998D2D00229AFE /* EX_BaseView.m in Sources */ = {isa = PBXBuildFile; fileRef = A60AE69C1F998D2D00229AFE /* EX_BaseView.m */; };
		A60AE6A01F99906800229AFE /* EX_BaseViewController.m in Sources */ = {isa = PBXBuildFile; fileRef = A60AE69F1F99906800229AFE /* EX_BaseViewController.m */; };
		A60AE6A51F99941E00229AFE /* EX_Tools.m in Sources */ = {isa = PBXBuildFile; fileRef = A60AE6A41F99941E00229AFE /* EX_Tools.m */; };
		A60AE6B81F99A00B00229AFE /* EX_ChannelModel.m in Sources */ = {isa = PBXBuildFile; fileRef = A60AE6B71F99A00B00229AFE /* EX_ChannelModel.m */; };
		A60AE6BC1F99A1FB00229AFE /* EXSeviceRequestManger.m in Sources */ = {isa = PBXBuildFile; fileRef = A60AE6BB1F99A1FB00229AFE /* EXSeviceRequestManger.m */; };
		A60AE6BD1F99A4DC00229AFE /* WYNetworkCache.h in Sources */ = {isa = PBXBuildFile; fileRef = A60AE6AC1F99976A00229AFE /* WYNetworkCache.h */; };
		A60AE6BE1F99A4DC00229AFE /* WYNetworkCache.m in Sources */ = {isa = PBXBuildFile; fileRef = A60AE6A71F99976A00229AFE /* WYNetworkCache.m */; };
		A60AE6BF1F99A4DC00229AFE /* WYNetworkHelper.h in Sources */ = {isa = PBXBuildFile; fileRef = A60AE6AD1F99976A00229AFE /* WYNetworkHelper.h */; };
		A60AE6C01F99A4DC00229AFE /* WYNetworkHelper.m in Sources */ = {isa = PBXBuildFile; fileRef = A60AE6A61F99976A00229AFE /* WYNetworkHelper.m */; };
		A60AE6C11F99A4DC00229AFE /* WYSessionManger.h in Sources */ = {isa = PBXBuildFile; fileRef = A60AE6A91F99976A00229AFE /* WYSessionManger.h */; };
		A60AE6C21F99A4DC00229AFE /* WYSessionManger.m in Sources */ = {isa = PBXBuildFile; fileRef = A60AE6AB1F99976A00229AFE /* WYSessionManger.m */; };
		A60AE6C31F99AEA300229AFE /* YYCache.h in Sources */ = {isa = PBXBuildFile; fileRef = A60AE6921F998B7B00229AFE /* YYCache.h */; };
		A60AE6C41F99AEA300229AFE /* YYCache.m in Sources */ = {isa = PBXBuildFile; fileRef = A60AE6931F998B7B00229AFE /* YYCache.m */; };
		A60AE6C51F99AEA300229AFE /* YYDiskCache.h in Sources */ = {isa = PBXBuildFile; fileRef = A60AE6941F998B7B00229AFE /* YYDiskCache.h */; };
		A60AE6C61F99AEA300229AFE /* YYDiskCache.m in Sources */ = {isa = PBXBuildFile; fileRef = A60AE6951F998B7B00229AFE /* YYDiskCache.m */; };
		A60AE6C71F99AEA300229AFE /* YYKVStorage.h in Sources */ = {isa = PBXBuildFile; fileRef = A60AE6961F998B7B00229AFE /* YYKVStorage.h */; };
		A60AE6C81F99AEA300229AFE /* YYKVStorage.m in Sources */ = {isa = PBXBuildFile; fileRef = A60AE6971F998B7B00229AFE /* YYKVStorage.m */; };
		A60AE6C91F99AEA300229AFE /* YYMemoryCache.h in Sources */ = {isa = PBXBuildFile; fileRef = A60AE6981F998B7B00229AFE /* YYMemoryCache.h */; };
		A60AE6CA1F99AEA300229AFE /* YYMemoryCache.m in Sources */ = {isa = PBXBuildFile; fileRef = A60AE6991F998B7B00229AFE /* YYMemoryCache.m */; };
		A60C72B31F9DF0690070C586 /* EX_BaseCollectionViewCell.m in Sources */ = {isa = PBXBuildFile; fileRef = A60C72B21F9DF0690070C586 /* EX_BaseCollectionViewCell.m */; };
		A60EB1191FA1E4F8003A1157 /* CWDrawerTransition.h in Sources */ = {isa = PBXBuildFile; fileRef = A60EB10F1FA1D47C003A1157 /* CWDrawerTransition.h */; };
		A60EB11A1FA1E4F8003A1157 /* CWDrawerTransition.m in Sources */ = {isa = PBXBuildFile; fileRef = A60EB10E1FA1D47C003A1157 /* CWDrawerTransition.m */; };
		A60EB11B1FA1E4F8003A1157 /* CWInteractiveTransition.h in Sources */ = {isa = PBXBuildFile; fileRef = A60EB1121FA1D47C003A1157 /* CWInteractiveTransition.h */; };
		A60EB11C1FA1E4F8003A1157 /* CWInteractiveTransition.m in Sources */ = {isa = PBXBuildFile; fileRef = A60EB1101FA1D47C003A1157 /* CWInteractiveTransition.m */; };
		A60EB11D1FA1E4F8003A1157 /* CWLateralSlideAnimator.h in Sources */ = {isa = PBXBuildFile; fileRef = A60EB10D1FA1D47C003A1157 /* CWLateralSlideAnimator.h */; };
		A60EB11E1FA1E4F8003A1157 /* CWLateralSlideAnimator.m in Sources */ = {isa = PBXBuildFile; fileRef = A60EB1111FA1D47C003A1157 /* CWLateralSlideAnimator.m */; };
		A60EB11F1FA1E4F8003A1157 /* CWLateralSlideConfiguration.h in Sources */ = {isa = PBXBuildFile; fileRef = A60EB10C1FA1D47B003A1157 /* CWLateralSlideConfiguration.h */; };
		A60EB1201FA1E4F8003A1157 /* CWLateralSlideConfiguration.m in Sources */ = {isa = PBXBuildFile; fileRef = A60EB1131FA1D47C003A1157 /* CWLateralSlideConfiguration.m */; };
		A60EB1211FA1E4F8003A1157 /* UIViewController+CWLateralSlide.h in Sources */ = {isa = PBXBuildFile; fileRef = A60EB1151FA1D47C003A1157 /* UIViewController+CWLateralSlide.h */; };
		A60EB1221FA1E4F8003A1157 /* UIViewController+CWLateralSlide.m in Sources */ = {isa = PBXBuildFile; fileRef = A60EB1141FA1D47C003A1157 /* UIViewController+CWLateralSlide.m */; };
		A60EB1271FA2AF1C003A1157 /* EXLeftModel.m in Sources */ = {isa = PBXBuildFile; fileRef = A60EB1261FA2AF1C003A1157 /* EXLeftModel.m */; };
		A60EB12B1FA2B149003A1157 /* EXSubjectViewController.m in Sources */ = {isa = PBXBuildFile; fileRef = A60EB12A1FA2B149003A1157 /* EXSubjectViewController.m */; };
		A61DC5311FA6B7B60091533A /* EXMoveShootViewController.m in Sources */ = {isa = PBXBuildFile; fileRef = A61DC5301FA6B7B60091533A /* EXMoveShootViewController.m */; };
		A61DC5341FA6B7CA0091533A /* EXCopyEditorViewController.m in Sources */ = {isa = PBXBuildFile; fileRef = A61DC5331FA6B7CA0091533A /* EXCopyEditorViewController.m */; };
		A61DC5391FA6D3060091533A /* EXEditorTextView.m in Sources */ = {isa = PBXBuildFile; fileRef = A61DC5381FA6D3060091533A /* EXEditorTextView.m */; };
		A61DC5401FA7000E0091533A /* EXSegmentedControl.m in Sources */ = {isa = PBXBuildFile; fileRef = A61DC53F1FA7000E0091533A /* EXSegmentedControl.m */; };
		A61DC5461FA72AC80091533A /* EXKeyboardPhotoViewController.m in Sources */ = {isa = PBXBuildFile; fileRef = A61DC5451FA72AC70091533A /* EXKeyboardPhotoViewController.m */; };
		A61DC5491FA72BEF0091533A /* EXPhotoPreviewViewController.m in Sources */ = {isa = PBXBuildFile; fileRef = A61DC5481FA72BEF0091533A /* EXPhotoPreviewViewController.m */; };
		A659BD301FA31BFF008F60F8 /* EXGoodsModel.m in Sources */ = {isa = PBXBuildFile; fileRef = A659BD2F1FA31BFF008F60F8 /* EXGoodsModel.m */; };
		A66F984D1FA0646000D33340 /* EXGoodsInfoTableViewCell.m in Sources */ = {isa = PBXBuildFile; fileRef = A66F984C1FA0646000D33340 /* EXGoodsInfoTableViewCell.m */; };
		A67466C31FA7FD0B0097E77C /* EXKeyboardPhotoCollectionViewCell.m in Sources */ = {isa = PBXBuildFile; fileRef = A67466C21FA7FD0B0097E77C /* EXKeyboardPhotoCollectionViewCell.m */; };
		A67466CE1FA8780D0097E77C /* RewriteButton.m in Sources */ = {isa = PBXBuildFile; fileRef = A67466CD1FA8780D0097E77C /* RewriteButton.m */; };
		A67CBA0B1FA2C38600F40F0F /* HSYClassifiedTableViewCell.h in Sources */ = {isa = PBXBuildFile; fileRef = A67CB9FF1FA2BC7D00F40F0F /* HSYClassifiedTableViewCell.h */; };
		A67CBA0C1FA2C38600F40F0F /* HSYClassifiedTableViewCell.m in Sources */ = {isa = PBXBuildFile; fileRef = A67CBA001FA2BC7D00F40F0F /* HSYClassifiedTableViewCell.m */; };
		A67CBA0D1FA2C38600F40F0F /* HSYCommodityView.h in Sources */ = {isa = PBXBuildFile; fileRef = A67CBA011FA2BC7D00F40F0F /* HSYCommodityView.h */; };
		A67CBA0E1FA2C38600F40F0F /* HSYCommodityView.m in Sources */ = {isa = PBXBuildFile; fileRef = A67CBA061FA2BC7E00F40F0F /* HSYCommodityView.m */; };
		A67CBA0F1FA2C38600F40F0F /* HSYDailyWillBuyTableViewCell.h in Sources */ = {isa = PBXBuildFile; fileRef = A67CBA071FA2BC7E00F40F0F /* HSYDailyWillBuyTableViewCell.h */; };
		A67CBA101FA2C38600F40F0F /* HSYDailyWillBuyTableViewCell.m in Sources */ = {isa = PBXBuildFile; fileRef = A67CBA0A1FA2BC7E00F40F0F /* HSYDailyWillBuyTableViewCell.m */; };
		A67CBA111FA2C38600F40F0F /* HSYRecommendTableViewCell.h in Sources */ = {isa = PBXBuildFile; fileRef = A67CBA081FA2BC7E00F40F0F /* HSYRecommendTableViewCell.h */; };
		A67CBA121FA2C38600F40F0F /* HSYRecommendTableViewCell.m in Sources */ = {isa = PBXBuildFile; fileRef = A67CBA031FA2BC7D00F40F0F /* HSYRecommendTableViewCell.m */; };
		A67CBA131FA2C38600F40F0F /* HSYShopingBanderTableViewCell.h in Sources */ = {isa = PBXBuildFile; fileRef = A67CBA091FA2BC7E00F40F0F /* HSYShopingBanderTableViewCell.h */; };
		A67CBA141FA2C38600F40F0F /* HSYShopingBanderTableViewCell.m in Sources */ = {isa = PBXBuildFile; fileRef = A67CBA021FA2BC7D00F40F0F /* HSYShopingBanderTableViewCell.m */; };
		A67CBA151FA2C38600F40F0F /* HSYThePoorTableViewCell.h in Sources */ = {isa = PBXBuildFile; fileRef = A67CBA041FA2BC7E00F40F0F /* HSYThePoorTableViewCell.h */; };
		A67CBA161FA2C38600F40F0F /* HSYThePoorTableViewCell.m in Sources */ = {isa = PBXBuildFile; fileRef = A67CBA051FA2BC7E00F40F0F /* HSYThePoorTableViewCell.m */; };
		A67CBA1B1FA2DE3000F40F0F /* EXGoodsRecommendViewController.m in Sources */ = {isa = PBXBuildFile; fileRef = A67CBA1A1FA2DE3000F40F0F /* EXGoodsRecommendViewController.m */; };
		A67CBA1E1FA2DE8600F40F0F /* EXHotNewsViewController.m in Sources */ = {isa = PBXBuildFile; fileRef = A67CBA1D1FA2DE8600F40F0F /* EXHotNewsViewController.m */; };
		A67CBA231FA2F9EB00F40F0F /* EXNavigationView.m in Sources */ = {isa = PBXBuildFile; fileRef = A67CBA221FA2F9EB00F40F0F /* EXNavigationView.m */; };
		A67CBA271FA3081B00F40F0F /* EXGoodsFootView.m in Sources */ = {isa = PBXBuildFile; fileRef = A67CBA261FA3081B00F40F0F /* EXGoodsFootView.m */; };
		A692EE891F8B4F6F00201C47 /* EX_LeftTableViewCell.m in Sources */ = {isa = PBXBuildFile; fileRef = A692EE881F8B4F6F00201C47 /* EX_LeftTableViewCell.m */; };
		A692EE8C1F8B4FFA00201C47 /* EX_BaseTbaleViewCell.m in Sources */ = {isa = PBXBuildFile; fileRef = A692EE8B1F8B4FFA00201C47 /* EX_BaseTbaleViewCell.m */; };
		A692EE8F1F8B556A00201C47 /* EX_leftHeadView.m in Sources */ = {isa = PBXBuildFile; fileRef = A692EE8E1F8B556A00201C47 /* EX_leftHeadView.m */; };
		A692EE931F8B5AD400201C47 /* UILabel+ZDKExtent.m in Sources */ = {isa = PBXBuildFile; fileRef = A692EE911F8B5AD400201C47 /* UILabel+ZDKExtent.m */; };
		A692EE961F8B616F00201C47 /* UIView+WY_Extenison.m in Sources */ = {isa = PBXBuildFile; fileRef = A692EE951F8B616F00201C47 /* UIView+WY_Extenison.m */; };
		A692EE991F8B697300201C47 /* EX_praticeHeadView.m in Sources */ = {isa = PBXBuildFile; fileRef = A692EE981F8B697300201C47 /* EX_praticeHeadView.m */; };
		A692EE9C1F8B698A00201C47 /* EX_PracticeCell.m in Sources */ = {isa = PBXBuildFile; fileRef = A692EE9B1F8B698A00201C47 /* EX_PracticeCell.m */; };
		A69BB3CD1F9F183A000C6C03 /* EXShopMallsViewController.m in Sources */ = {isa = PBXBuildFile; fileRef = A69BB3CC1F9F183A000C6C03 /* EXShopMallsViewController.m */; };
		A6D4F16F1F7F2F6B007BC8F0 /* main.m in Sources */ = {isa = PBXBuildFile; fileRef = A6D4F16E1F7F2F6B007BC8F0 /* main.m */; };
		A6D4F1721F7F2F6B007BC8F0 /* AppDelegate.m in Sources */ = {isa = PBXBuildFile; fileRef = A6D4F1711F7F2F6B007BC8F0 /* AppDelegate.m */; };
		A6D4F1751F7F2F6B007BC8F0 /* ViewController.m in Sources */ = {isa = PBXBuildFile; fileRef = A6D4F1741F7F2F6B007BC8F0 /* ViewController.m */; };
		A6D4F1781F7F2F6B007BC8F0 /* Main.storyboard in Resources */ = {isa = PBXBuildFile; fileRef = A6D4F1761F7F2F6B007BC8F0 /* Main.storyboard */; };
		A6D4F17D1F7F2F6B007BC8F0 /* LaunchScreen.storyboard in Resources */ = {isa = PBXBuildFile; fileRef = A6D4F17B1F7F2F6B007BC8F0 /* LaunchScreen.storyboard */; };
		A6D4F1881F7F2F6B007BC8F0 /* ExperimentAppTests.m in Sources */ = {isa = PBXBuildFile; fileRef = A6D4F1871F7F2F6B007BC8F0 /* ExperimentAppTests.m */; };
		A6D4F1931F7F2F6B007BC8F0 /* ExperimentAppUITests.m in Sources */ = {isa = PBXBuildFile; fileRef = A6D4F1921F7F2F6B007BC8F0 /* ExperimentAppUITests.m */; };
		A6D4F1BA1F7F3248007BC8F0 /* AppDelegate+Category.m in Sources */ = {isa = PBXBuildFile; fileRef = A6D4F1B91F7F3248007BC8F0 /* AppDelegate+Category.m */; };
		A6D4F1BD1F7F334E007BC8F0 /* EX_NavigationController.m in Sources */ = {isa = PBXBuildFile; fileRef = A6D4F1BC1F7F334E007BC8F0 /* EX_NavigationController.m */; };
		A6D4F1C01F7F3376007BC8F0 /* EX_TabBarController.m in Sources */ = {isa = PBXBuildFile; fileRef = A6D4F1BF1F7F3376007BC8F0 /* EX_TabBarController.m */; };
		A6D4F1C61F7F3422007BC8F0 /* EX_VideoViewController.m in Sources */ = {isa = PBXBuildFile; fileRef = A6D4F1C51F7F3422007BC8F0 /* EX_VideoViewController.m */; };
		A6D4F1C91F7F3430007BC8F0 /* EX_PracticeController.m in Sources */ = {isa = PBXBuildFile; fileRef = A6D4F1C81F7F3430007BC8F0 /* EX_PracticeController.m */; };
		A6D4F1CF1F7F399D007BC8F0 /* UIImage+Category.m in Sources */ = {isa = PBXBuildFile; fileRef = A6D4F1CE1F7F399D007BC8F0 /* UIImage+Category.m */; };
		A6D4F1D21F7F3DC5007BC8F0 /* EX_BaseModel.m in Sources */ = {isa = PBXBuildFile; fileRef = A6D4F1D11F7F3DC5007BC8F0 /* EX_BaseModel.m */; };
		A6D4F1D61F7F3FBE007BC8F0 /* Assets.xcassets in Resources */ = {isa = PBXBuildFile; fileRef = A6D4F1D51F7F3FBE007BC8F0 /* Assets.xcassets */; };
		A6D4F1D91F7F40F3007BC8F0 /* UIBarButtonItem+Category.m in Sources */ = {isa = PBXBuildFile; fileRef = A6D4F1D81F7F40F3007BC8F0 /* UIBarButtonItem+Category.m */; };
		A6D4F1DC1F7F426A007BC8F0 /* NSString+FriendExtenison.m in Sources */ = {isa = PBXBuildFile; fileRef = A6D4F1DB1F7F426A007BC8F0 /* NSString+FriendExtenison.m */; };
		A6D4F1EF1F7F5DED007BC8F0 /* EX_LeftController.m in Sources */ = {isa = PBXBuildFile; fileRef = A6D4F1EE1F7F5DED007BC8F0 /* EX_LeftController.m */; };
		A6DE56DE1F9DBEEF0082F256 /* EX_SubChannelModel.m in Sources */ = {isa = PBXBuildFile; fileRef = A6DE56DD1F9DBEEF0082F256 /* EX_SubChannelModel.m */; };
		A6DE56E11F9DBF1C0082F256 /* EX_ContentModel.m in Sources */ = {isa = PBXBuildFile; fileRef = A6DE56E01F9DBF1C0082F256 /* EX_ContentModel.m */; };
		A6DE56F11F9DCAF20082F256 /* UIColor+Category.m in Sources */ = {isa = PBXBuildFile; fileRef = A6DE56F01F9DCAF20082F256 /* UIColor+Category.m */; };
		A6FE1E891F99EBFB00948D74 /* EXShopInfoModel.m in Sources */ = {isa = PBXBuildFile; fileRef = A6FE1E881F99EBFB00948D74 /* EXShopInfoModel.m */; };
		CE2EA2EC1BADEEC2E5F16A31 /* libPods-ExperimentApp.a in Frameworks */ = {isa = PBXBuildFile; fileRef = C50046B991DDA0FF1B22D180 /* libPods-ExperimentApp.a */; };
/* End PBXBuildFile section */

/* Begin PBXContainerItemProxy section */
		A6D4F1841F7F2F6B007BC8F0 /* PBXContainerItemProxy */ = {
			isa = PBXContainerItemProxy;
			containerPortal = A6D4F1621F7F2F6B007BC8F0 /* Project object */;
			proxyType = 1;
			remoteGlobalIDString = A6D4F1691F7F2F6B007BC8F0;
			remoteInfo = ExperimentApp;
		};
		A6D4F18F1F7F2F6B007BC8F0 /* PBXContainerItemProxy */ = {
			isa = PBXContainerItemProxy;
			containerPortal = A6D4F1621F7F2F6B007BC8F0 /* Project object */;
			proxyType = 1;
			remoteGlobalIDString = A6D4F1691F7F2F6B007BC8F0;
			remoteInfo = ExperimentApp;
		};
/* End PBXContainerItemProxy section */

/* Begin PBXFileReference section */
		376E7E785ED3C3DBD3C75AC0 /* Pods-ExperimentApp.debug.xcconfig */ = {isa = PBXFileReference; includeInIndex = 1; lastKnownFileType = text.xcconfig; name = "Pods-ExperimentApp.debug.xcconfig"; path = "Pods/Target Support Files/Pods-ExperimentApp/Pods-ExperimentApp.debug.xcconfig"; sourceTree = "<group>"; };
		467B6C5F1CEE69846166BAA5 /* Pods-ExperimentAppTests.release.xcconfig */ = {isa = PBXFileReference; includeInIndex = 1; lastKnownFileType = text.xcconfig; name = "Pods-ExperimentAppTests.release.xcconfig"; path = "Pods/Target Support Files/Pods-ExperimentAppTests/Pods-ExperimentAppTests.release.xcconfig"; sourceTree = "<group>"; };
		599EDEDE3D93F68A158C0231 /* Pods-ExperimentAppTests.debug.xcconfig */ = {isa = PBXFileReference; includeInIndex = 1; lastKnownFileType = text.xcconfig; name = "Pods-ExperimentAppTests.debug.xcconfig"; path = "Pods/Target Support Files/Pods-ExperimentAppTests/Pods-ExperimentAppTests.debug.xcconfig"; sourceTree = "<group>"; };
		5F67374644098767BBDE0066 /* Pods-ExperimentAppUITests.release.xcconfig */ = {isa = PBXFileReference; includeInIndex = 1; lastKnownFileType = text.xcconfig; name = "Pods-ExperimentAppUITests.release.xcconfig"; path = "Pods/Target Support Files/Pods-ExperimentAppUITests/Pods-ExperimentAppUITests.release.xcconfig"; sourceTree = "<group>"; };
		68AE342FBCA927205EF9154C /* libPods-ExperimentAppTests.a */ = {isa = PBXFileReference; explicitFileType = archive.ar; includeInIndex = 0; path = "libPods-ExperimentAppTests.a"; sourceTree = BUILT_PRODUCTS_DIR; };
		756234E80D909441D7AAD4D8 /* libPods-ExperimentAppUITests.a */ = {isa = PBXFileReference; explicitFileType = archive.ar; includeInIndex = 0; path = "libPods-ExperimentAppUITests.a"; sourceTree = BUILT_PRODUCTS_DIR; };
		A60AE6921F998B7B00229AFE /* YYCache.h */ = {isa = PBXFileReference; lastKnownFileType = sourcecode.c.h; path = YYCache.h; sourceTree = "<group>"; };
		A60AE6931F998B7B00229AFE /* YYCache.m */ = {isa = PBXFileReference; lastKnownFileType = sourcecode.c.objc; path = YYCache.m; sourceTree = "<group>"; };
		A60AE6941F998B7B00229AFE /* YYDiskCache.h */ = {isa = PBXFileReference; lastKnownFileType = sourcecode.c.h; path = YYDiskCache.h; sourceTree = "<group>"; };
		A60AE6951F998B7B00229AFE /* YYDiskCache.m */ = {isa = PBXFileReference; lastKnownFileType = sourcecode.c.objc; path = YYDiskCache.m; sourceTree = "<group>"; };
		A60AE6961F998B7B00229AFE /* YYKVStorage.h */ = {isa = PBXFileReference; lastKnownFileType = sourcecode.c.h; path = YYKVStorage.h; sourceTree = "<group>"; };
		A60AE6971F998B7B00229AFE /* YYKVStorage.m */ = {isa = PBXFileReference; lastKnownFileType = sourcecode.c.objc; path = YYKVStorage.m; sourceTree = "<group>"; };
		A60AE6981F998B7B00229AFE /* YYMemoryCache.h */ = {isa = PBXFileReference; lastKnownFileType = sourcecode.c.h; path = YYMemoryCache.h; sourceTree = "<group>"; };
		A60AE6991F998B7B00229AFE /* YYMemoryCache.m */ = {isa = PBXFileReference; lastKnownFileType = sourcecode.c.objc; path = YYMemoryCache.m; sourceTree = "<group>"; };
		A60AE69A1F998CE700229AFE /* EX_BaseModelProtocol.h */ = {isa = PBXFileReference; lastKnownFileType = sourcecode.c.h; path = EX_BaseModelProtocol.h; sourceTree = "<group>"; };
		A60AE69B1F998D2D00229AFE /* EX_BaseView.h */ = {isa = PBXFileReference; lastKnownFileType = sourcecode.c.h; path = EX_BaseView.h; sourceTree = "<group>"; };
		A60AE69C1F998D2D00229AFE /* EX_BaseView.m */ = {isa = PBXFileReference; lastKnownFileType = sourcecode.c.objc; path = EX_BaseView.m; sourceTree = "<group>"; };
		A60AE69E1F99906800229AFE /* EX_BaseViewController.h */ = {isa = PBXFileReference; lastKnownFileType = sourcecode.c.h; path = EX_BaseViewController.h; sourceTree = "<group>"; };
		A60AE69F1F99906800229AFE /* EX_BaseViewController.m */ = {isa = PBXFileReference; lastKnownFileType = sourcecode.c.objc; path = EX_BaseViewController.m; sourceTree = "<group>"; };
		A60AE6A11F9990DC00229AFE /* EX_BaseViewControllerProtocal.h */ = {isa = PBXFileReference; lastKnownFileType = sourcecode.c.h; path = EX_BaseViewControllerProtocal.h; sourceTree = "<group>"; };
		A60AE6A31F99941E00229AFE /* EX_Tools.h */ = {isa = PBXFileReference; lastKnownFileType = sourcecode.c.h; path = EX_Tools.h; sourceTree = "<group>"; };
		A60AE6A41F99941E00229AFE /* EX_Tools.m */ = {isa = PBXFileReference; lastKnownFileType = sourcecode.c.objc; path = EX_Tools.m; sourceTree = "<group>"; };
		A60AE6A61F99976A00229AFE /* WYNetworkHelper.m */ = {isa = PBXFileReference; lastKnownFileType = sourcecode.c.objc; path = WYNetworkHelper.m; sourceTree = "<group>"; };
		A60AE6A71F99976A00229AFE /* WYNetworkCache.m */ = {isa = PBXFileReference; lastKnownFileType = sourcecode.c.objc; path = WYNetworkCache.m; sourceTree = "<group>"; };
		A60AE6A91F99976A00229AFE /* WYSessionManger.h */ = {isa = PBXFileReference; lastKnownFileType = sourcecode.c.h; path = WYSessionManger.h; sourceTree = "<group>"; };
		A60AE6AB1F99976A00229AFE /* WYSessionManger.m */ = {isa = PBXFileReference; lastKnownFileType = sourcecode.c.objc; path = WYSessionManger.m; sourceTree = "<group>"; };
		A60AE6AC1F99976A00229AFE /* WYNetworkCache.h */ = {isa = PBXFileReference; lastKnownFileType = sourcecode.c.h; path = WYNetworkCache.h; sourceTree = "<group>"; };
		A60AE6AD1F99976A00229AFE /* WYNetworkHelper.h */ = {isa = PBXFileReference; lastKnownFileType = sourcecode.c.h; path = WYNetworkHelper.h; sourceTree = "<group>"; };
		A60AE6AF1F9999A000229AFE /* VerRunView.h */ = {isa = PBXFileReference; lastKnownFileType = sourcecode.c.h; path = VerRunView.h; sourceTree = "<group>"; };
		A60AE6B01F9999A000229AFE /* VerRunView.m */ = {isa = PBXFileReference; lastKnownFileType = sourcecode.c.objc; path = VerRunView.m; sourceTree = "<group>"; };
		A60AE6B61F99A00B00229AFE /* EX_ChannelModel.h */ = {isa = PBXFileReference; lastKnownFileType = sourcecode.c.h; path = EX_ChannelModel.h; sourceTree = "<group>"; };
		A60AE6B71F99A00B00229AFE /* EX_ChannelModel.m */ = {isa = PBXFileReference; lastKnownFileType = sourcecode.c.objc; path = EX_ChannelModel.m; sourceTree = "<group>"; };
		A60AE6BA1F99A1FB00229AFE /* EXSeviceRequestManger.h */ = {isa = PBXFileReference; lastKnownFileType = sourcecode.c.h; path = EXSeviceRequestManger.h; sourceTree = "<group>"; };
		A60AE6BB1F99A1FB00229AFE /* EXSeviceRequestManger.m */ = {isa = PBXFileReference; lastKnownFileType = sourcecode.c.objc; path = EXSeviceRequestManger.m; sourceTree = "<group>"; };
		A60C72B11F9DF0690070C586 /* EX_BaseCollectionViewCell.h */ = {isa = PBXFileReference; lastKnownFileType = sourcecode.c.h; path = EX_BaseCollectionViewCell.h; sourceTree = "<group>"; };
		A60C72B21F9DF0690070C586 /* EX_BaseCollectionViewCell.m */ = {isa = PBXFileReference; lastKnownFileType = sourcecode.c.objc; path = EX_BaseCollectionViewCell.m; sourceTree = "<group>"; };
		A60C72B41F9DF0C40070C586 /* EX_BaseCollectionViewCellProtocol.h */ = {isa = PBXFileReference; lastKnownFileType = sourcecode.c.h; path = EX_BaseCollectionViewCellProtocol.h; sourceTree = "<group>"; };
		A60EB10C1FA1D47B003A1157 /* CWLateralSlideConfiguration.h */ = {isa = PBXFileReference; lastKnownFileType = sourcecode.c.h; path = CWLateralSlideConfiguration.h; sourceTree = "<group>"; };
		A60EB10D1FA1D47C003A1157 /* CWLateralSlideAnimator.h */ = {isa = PBXFileReference; lastKnownFileType = sourcecode.c.h; path = CWLateralSlideAnimator.h; sourceTree = "<group>"; };
		A60EB10E1FA1D47C003A1157 /* CWDrawerTransition.m */ = {isa = PBXFileReference; lastKnownFileType = sourcecode.c.objc; path = CWDrawerTransition.m; sourceTree = "<group>"; };
		A60EB10F1FA1D47C003A1157 /* CWDrawerTransition.h */ = {isa = PBXFileReference; lastKnownFileType = sourcecode.c.h; path = CWDrawerTransition.h; sourceTree = "<group>"; };
		A60EB1101FA1D47C003A1157 /* CWInteractiveTransition.m */ = {isa = PBXFileReference; lastKnownFileType = sourcecode.c.objc; path = CWInteractiveTransition.m; sourceTree = "<group>"; };
		A60EB1111FA1D47C003A1157 /* CWLateralSlideAnimator.m */ = {isa = PBXFileReference; lastKnownFileType = sourcecode.c.objc; path = CWLateralSlideAnimator.m; sourceTree = "<group>"; };
		A60EB1121FA1D47C003A1157 /* CWInteractiveTransition.h */ = {isa = PBXFileReference; lastKnownFileType = sourcecode.c.h; path = CWInteractiveTransition.h; sourceTree = "<group>"; };
		A60EB1131FA1D47C003A1157 /* CWLateralSlideConfiguration.m */ = {isa = PBXFileReference; lastKnownFileType = sourcecode.c.objc; path = CWLateralSlideConfiguration.m; sourceTree = "<group>"; };
		A60EB1141FA1D47C003A1157 /* UIViewController+CWLateralSlide.m */ = {isa = PBXFileReference; lastKnownFileType = sourcecode.c.objc; path = "UIViewController+CWLateralSlide.m"; sourceTree = "<group>"; };
		A60EB1151FA1D47C003A1157 /* UIViewController+CWLateralSlide.h */ = {isa = PBXFileReference; lastKnownFileType = sourcecode.c.h; path = "UIViewController+CWLateralSlide.h"; sourceTree = "<group>"; };
		A60EB1251FA2AF1C003A1157 /* EXLeftModel.h */ = {isa = PBXFileReference; lastKnownFileType = sourcecode.c.h; path = EXLeftModel.h; sourceTree = "<group>"; };
		A60EB1261FA2AF1C003A1157 /* EXLeftModel.m */ = {isa = PBXFileReference; lastKnownFileType = sourcecode.c.objc; path = EXLeftModel.m; sourceTree = "<group>"; };
		A60EB1291FA2B149003A1157 /* EXSubjectViewController.h */ = {isa = PBXFileReference; lastKnownFileType = sourcecode.c.h; path = EXSubjectViewController.h; sourceTree = "<group>"; };
		A60EB12A1FA2B149003A1157 /* EXSubjectViewController.m */ = {isa = PBXFileReference; lastKnownFileType = sourcecode.c.objc; path = EXSubjectViewController.m; sourceTree = "<group>"; };
		A61DC52F1FA6B7B60091533A /* EXMoveShootViewController.h */ = {isa = PBXFileReference; lastKnownFileType = sourcecode.c.h; path = EXMoveShootViewController.h; sourceTree = "<group>"; };
		A61DC5301FA6B7B60091533A /* EXMoveShootViewController.m */ = {isa = PBXFileReference; lastKnownFileType = sourcecode.c.objc; path = EXMoveShootViewController.m; sourceTree = "<group>"; };
		A61DC5321FA6B7CA0091533A /* EXCopyEditorViewController.h */ = {isa = PBXFileReference; lastKnownFileType = sourcecode.c.h; path = EXCopyEditorViewController.h; sourceTree = "<group>"; };
		A61DC5331FA6B7CA0091533A /* EXCopyEditorViewController.m */ = {isa = PBXFileReference; lastKnownFileType = sourcecode.c.objc; path = EXCopyEditorViewController.m; sourceTree = "<group>"; };
		A61DC5371FA6D3060091533A /* EXEditorTextView.h */ = {isa = PBXFileReference; lastKnownFileType = sourcecode.c.h; path = EXEditorTextView.h; sourceTree = "<group>"; };
		A61DC5381FA6D3060091533A /* EXEditorTextView.m */ = {isa = PBXFileReference; lastKnownFileType = sourcecode.c.objc; path = EXEditorTextView.m; sourceTree = "<group>"; };
		A61DC53E1FA7000E0091533A /* EXSegmentedControl.h */ = {isa = PBXFileReference; lastKnownFileType = sourcecode.c.h; path = EXSegmentedControl.h; sourceTree = "<group>"; };
		A61DC53F1FA7000E0091533A /* EXSegmentedControl.m */ = {isa = PBXFileReference; lastKnownFileType = sourcecode.c.objc; path = EXSegmentedControl.m; sourceTree = "<group>"; };
		A61DC5441FA72AC70091533A /* EXKeyboardPhotoViewController.h */ = {isa = PBXFileReference; lastKnownFileType = sourcecode.c.h; path = EXKeyboardPhotoViewController.h; sourceTree = "<group>"; };
		A61DC5451FA72AC70091533A /* EXKeyboardPhotoViewController.m */ = {isa = PBXFileReference; lastKnownFileType = sourcecode.c.objc; path = EXKeyboardPhotoViewController.m; sourceTree = "<group>"; };
		A61DC5471FA72BEF0091533A /* EXPhotoPreviewViewController.h */ = {isa = PBXFileReference; lastKnownFileType = sourcecode.c.h; path = EXPhotoPreviewViewController.h; sourceTree = "<group>"; };
		A61DC5481FA72BEF0091533A /* EXPhotoPreviewViewController.m */ = {isa = PBXFileReference; lastKnownFileType = sourcecode.c.objc; path = EXPhotoPreviewViewController.m; sourceTree = "<group>"; };
		A659BD2E1FA31BFF008F60F8 /* EXGoodsModel.h */ = {isa = PBXFileReference; lastKnownFileType = sourcecode.c.h; path = EXGoodsModel.h; sourceTree = "<group>"; };
		A659BD2F1FA31BFF008F60F8 /* EXGoodsModel.m */ = {isa = PBXFileReference; lastKnownFileType = sourcecode.c.objc; path = EXGoodsModel.m; sourceTree = "<group>"; };
		A66F984B1FA0646000D33340 /* EXGoodsInfoTableViewCell.h */ = {isa = PBXFileReference; lastKnownFileType = sourcecode.c.h; path = EXGoodsInfoTableViewCell.h; sourceTree = "<group>"; };
		A66F984C1FA0646000D33340 /* EXGoodsInfoTableViewCell.m */ = {isa = PBXFileReference; lastKnownFileType = sourcecode.c.objc; path = EXGoodsInfoTableViewCell.m; sourceTree = "<group>"; };
		A67466C11FA7FD0B0097E77C /* EXKeyboardPhotoCollectionViewCell.h */ = {isa = PBXFileReference; lastKnownFileType = sourcecode.c.h; path = EXKeyboardPhotoCollectionViewCell.h; sourceTree = "<group>"; };
		A67466C21FA7FD0B0097E77C /* EXKeyboardPhotoCollectionViewCell.m */ = {isa = PBXFileReference; lastKnownFileType = sourcecode.c.objc; path = EXKeyboardPhotoCollectionViewCell.m; sourceTree = "<group>"; };
		A67466CC1FA8780D0097E77C /* RewriteButton.h */ = {isa = PBXFileReference; lastKnownFileType = sourcecode.c.h; path = RewriteButton.h; sourceTree = "<group>"; };
		A67466CD1FA8780D0097E77C /* RewriteButton.m */ = {isa = PBXFileReference; lastKnownFileType = sourcecode.c.objc; path = RewriteButton.m; sourceTree = "<group>"; };
		A67CB9FF1FA2BC7D00F40F0F /* HSYClassifiedTableViewCell.h */ = {isa = PBXFileReference; lastKnownFileType = sourcecode.c.h; path = HSYClassifiedTableViewCell.h; sourceTree = "<group>"; };
		A67CBA001FA2BC7D00F40F0F /* HSYClassifiedTableViewCell.m */ = {isa = PBXFileReference; lastKnownFileType = sourcecode.c.objc; path = HSYClassifiedTableViewCell.m; sourceTree = "<group>"; };
		A67CBA011FA2BC7D00F40F0F /* HSYCommodityView.h */ = {isa = PBXFileReference; lastKnownFileType = sourcecode.c.h; path = HSYCommodityView.h; sourceTree = "<group>"; };
		A67CBA021FA2BC7D00F40F0F /* HSYShopingBanderTableViewCell.m */ = {isa = PBXFileReference; lastKnownFileType = sourcecode.c.objc; path = HSYShopingBanderTableViewCell.m; sourceTree = "<group>"; };
		A67CBA031FA2BC7D00F40F0F /* HSYRecommendTableViewCell.m */ = {isa = PBXFileReference; lastKnownFileType = sourcecode.c.objc; path = HSYRecommendTableViewCell.m; sourceTree = "<group>"; };
		A67CBA041FA2BC7E00F40F0F /* HSYThePoorTableViewCell.h */ = {isa = PBXFileReference; lastKnownFileType = sourcecode.c.h; path = HSYThePoorTableViewCell.h; sourceTree = "<group>"; };
		A67CBA051FA2BC7E00F40F0F /* HSYThePoorTableViewCell.m */ = {isa = PBXFileReference; lastKnownFileType = sourcecode.c.objc; path = HSYThePoorTableViewCell.m; sourceTree = "<group>"; };
		A67CBA061FA2BC7E00F40F0F /* HSYCommodityView.m */ = {isa = PBXFileReference; lastKnownFileType = sourcecode.c.objc; path = HSYCommodityView.m; sourceTree = "<group>"; };
		A67CBA071FA2BC7E00F40F0F /* HSYDailyWillBuyTableViewCell.h */ = {isa = PBXFileReference; lastKnownFileType = sourcecode.c.h; path = HSYDailyWillBuyTableViewCell.h; sourceTree = "<group>"; };
		A67CBA081FA2BC7E00F40F0F /* HSYRecommendTableViewCell.h */ = {isa = PBXFileReference; lastKnownFileType = sourcecode.c.h; path = HSYRecommendTableViewCell.h; sourceTree = "<group>"; };
		A67CBA091FA2BC7E00F40F0F /* HSYShopingBanderTableViewCell.h */ = {isa = PBXFileReference; lastKnownFileType = sourcecode.c.h; path = HSYShopingBanderTableViewCell.h; sourceTree = "<group>"; };
		A67CBA0A1FA2BC7E00F40F0F /* HSYDailyWillBuyTableViewCell.m */ = {isa = PBXFileReference; lastKnownFileType = sourcecode.c.objc; path = HSYDailyWillBuyTableViewCell.m; sourceTree = "<group>"; };
		A67CBA171FA2C49100F40F0F /* EXBaseViewActionProtocol.h */ = {isa = PBXFileReference; lastKnownFileType = sourcecode.c.h; path = EXBaseViewActionProtocol.h; sourceTree = "<group>"; };
		A67CBA191FA2DE3000F40F0F /* EXGoodsRecommendViewController.h */ = {isa = PBXFileReference; lastKnownFileType = sourcecode.c.h; path = EXGoodsRecommendViewController.h; sourceTree = "<group>"; };
		A67CBA1A1FA2DE3000F40F0F /* EXGoodsRecommendViewController.m */ = {isa = PBXFileReference; lastKnownFileType = sourcecode.c.objc; path = EXGoodsRecommendViewController.m; sourceTree = "<group>"; };
		A67CBA1C1FA2DE8600F40F0F /* EXHotNewsViewController.h */ = {isa = PBXFileReference; lastKnownFileType = sourcecode.c.h; path = EXHotNewsViewController.h; sourceTree = "<group>"; };
		A67CBA1D1FA2DE8600F40F0F /* EXHotNewsViewController.m */ = {isa = PBXFileReference; lastKnownFileType = sourcecode.c.objc; path = EXHotNewsViewController.m; sourceTree = "<group>"; };
		A67CBA211FA2F9EB00F40F0F /* EXNavigationView.h */ = {isa = PBXFileReference; lastKnownFileType = sourcecode.c.h; path = EXNavigationView.h; sourceTree = "<group>"; };
		A67CBA221FA2F9EB00F40F0F /* EXNavigationView.m */ = {isa = PBXFileReference; lastKnownFileType = sourcecode.c.objc; path = EXNavigationView.m; sourceTree = "<group>"; };
		A67CBA251FA3081B00F40F0F /* EXGoodsFootView.h */ = {isa = PBXFileReference; lastKnownFileType = sourcecode.c.h; path = EXGoodsFootView.h; sourceTree = "<group>"; };
		A67CBA261FA3081B00F40F0F /* EXGoodsFootView.m */ = {isa = PBXFileReference; lastKnownFileType = sourcecode.c.objc; path = EXGoodsFootView.m; sourceTree = "<group>"; };
		A692EE871F8B4F6F00201C47 /* EX_LeftTableViewCell.h */ = {isa = PBXFileReference; lastKnownFileType = sourcecode.c.h; path = EX_LeftTableViewCell.h; sourceTree = "<group>"; };
		A692EE881F8B4F6F00201C47 /* EX_LeftTableViewCell.m */ = {isa = PBXFileReference; lastKnownFileType = sourcecode.c.objc; path = EX_LeftTableViewCell.m; sourceTree = "<group>"; };
		A692EE8A1F8B4FFA00201C47 /* EX_BaseTbaleViewCell.h */ = {isa = PBXFileReference; lastKnownFileType = sourcecode.c.h; path = EX_BaseTbaleViewCell.h; sourceTree = "<group>"; };
		A692EE8B1F8B4FFA00201C47 /* EX_BaseTbaleViewCell.m */ = {isa = PBXFileReference; lastKnownFileType = sourcecode.c.objc; path = EX_BaseTbaleViewCell.m; sourceTree = "<group>"; };
		A692EE8D1F8B556A00201C47 /* EX_leftHeadView.h */ = {isa = PBXFileReference; lastKnownFileType = sourcecode.c.h; path = EX_leftHeadView.h; sourceTree = "<group>"; };
		A692EE8E1F8B556A00201C47 /* EX_leftHeadView.m */ = {isa = PBXFileReference; lastKnownFileType = sourcecode.c.objc; path = EX_leftHeadView.m; sourceTree = "<group>"; };
		A692EE911F8B5AD400201C47 /* UILabel+ZDKExtent.m */ = {isa = PBXFileReference; lastKnownFileType = sourcecode.c.objc; path = "UILabel+ZDKExtent.m"; sourceTree = "<group>"; };
		A692EE921F8B5AD400201C47 /* UILabel+ZDKExtent.h */ = {isa = PBXFileReference; lastKnownFileType = sourcecode.c.h; path = "UILabel+ZDKExtent.h"; sourceTree = "<group>"; };
		A692EE941F8B616F00201C47 /* UIView+WY_Extenison.h */ = {isa = PBXFileReference; lastKnownFileType = sourcecode.c.h; path = "UIView+WY_Extenison.h"; sourceTree = "<group>"; };
		A692EE951F8B616F00201C47 /* UIView+WY_Extenison.m */ = {isa = PBXFileReference; lastKnownFileType = sourcecode.c.objc; path = "UIView+WY_Extenison.m"; sourceTree = "<group>"; };
		A692EE971F8B697300201C47 /* EX_praticeHeadView.h */ = {isa = PBXFileReference; lastKnownFileType = sourcecode.c.h; path = EX_praticeHeadView.h; sourceTree = "<group>"; };
		A692EE981F8B697300201C47 /* EX_praticeHeadView.m */ = {isa = PBXFileReference; lastKnownFileType = sourcecode.c.objc; path = EX_praticeHeadView.m; sourceTree = "<group>"; };
		A692EE9A1F8B698A00201C47 /* EX_PracticeCell.h */ = {isa = PBXFileReference; lastKnownFileType = sourcecode.c.h; path = EX_PracticeCell.h; sourceTree = "<group>"; };
		A692EE9B1F8B698A00201C47 /* EX_PracticeCell.m */ = {isa = PBXFileReference; lastKnownFileType = sourcecode.c.objc; path = EX_PracticeCell.m; sourceTree = "<group>"; };
		A69BB3CB1F9F183A000C6C03 /* EXShopMallsViewController.h */ = {isa = PBXFileReference; lastKnownFileType = sourcecode.c.h; path = EXShopMallsViewController.h; sourceTree = "<group>"; };
		A69BB3CC1F9F183A000C6C03 /* EXShopMallsViewController.m */ = {isa = PBXFileReference; lastKnownFileType = sourcecode.c.objc; path = EXShopMallsViewController.m; sourceTree = "<group>"; };
		A6A921201F9D798E000FF6B3 /* EX_BaseTableViewCellActionProtocol.h */ = {isa = PBXFileReference; lastKnownFileType = sourcecode.c.h; path = EX_BaseTableViewCellActionProtocol.h; sourceTree = "<group>"; };
		A6D4F16A1F7F2F6B007BC8F0 /* ExperimentApp.app */ = {isa = PBXFileReference; explicitFileType = wrapper.application; includeInIndex = 0; path = ExperimentApp.app; sourceTree = BUILT_PRODUCTS_DIR; };
		A6D4F16E1F7F2F6B007BC8F0 /* main.m */ = {isa = PBXFileReference; lastKnownFileType = sourcecode.c.objc; path = main.m; sourceTree = "<group>"; };
		A6D4F1701F7F2F6B007BC8F0 /* AppDelegate.h */ = {isa = PBXFileReference; lastKnownFileType = sourcecode.c.h; path = AppDelegate.h; sourceTree = "<group>"; };
		A6D4F1711F7F2F6B007BC8F0 /* AppDelegate.m */ = {isa = PBXFileReference; lastKnownFileType = sourcecode.c.objc; path = AppDelegate.m; sourceTree = "<group>"; };
		A6D4F1731F7F2F6B007BC8F0 /* ViewController.h */ = {isa = PBXFileReference; lastKnownFileType = sourcecode.c.h; path = ViewController.h; sourceTree = "<group>"; };
		A6D4F1741F7F2F6B007BC8F0 /* ViewController.m */ = {isa = PBXFileReference; lastKnownFileType = sourcecode.c.objc; path = ViewController.m; sourceTree = "<group>"; };
		A6D4F1771F7F2F6B007BC8F0 /* Base */ = {isa = PBXFileReference; lastKnownFileType = file.storyboard; name = Base; path = Base.lproj/Main.storyboard; sourceTree = "<group>"; };
		A6D4F17C1F7F2F6B007BC8F0 /* Base */ = {isa = PBXFileReference; lastKnownFileType = file.storyboard; name = Base; path = Base.lproj/LaunchScreen.storyboard; sourceTree = "<group>"; };
		A6D4F17E1F7F2F6B007BC8F0 /* Info.plist */ = {isa = PBXFileReference; lastKnownFileType = text.plist.xml; path = Info.plist; sourceTree = "<group>"; };
		A6D4F1831F7F2F6B007BC8F0 /* ExperimentAppTests.xctest */ = {isa = PBXFileReference; explicitFileType = wrapper.cfbundle; includeInIndex = 0; path = ExperimentAppTests.xctest; sourceTree = BUILT_PRODUCTS_DIR; };
		A6D4F1871F7F2F6B007BC8F0 /* ExperimentAppTests.m */ = {isa = PBXFileReference; lastKnownFileType = sourcecode.c.objc; path = ExperimentAppTests.m; sourceTree = "<group>"; };
		A6D4F1891F7F2F6B007BC8F0 /* Info.plist */ = {isa = PBXFileReference; lastKnownFileType = text.plist.xml; path = Info.plist; sourceTree = "<group>"; };
		A6D4F18E1F7F2F6B007BC8F0 /* ExperimentAppUITests.xctest */ = {isa = PBXFileReference; explicitFileType = wrapper.cfbundle; includeInIndex = 0; path = ExperimentAppUITests.xctest; sourceTree = BUILT_PRODUCTS_DIR; };
		A6D4F1921F7F2F6B007BC8F0 /* ExperimentAppUITests.m */ = {isa = PBXFileReference; lastKnownFileType = sourcecode.c.objc; path = ExperimentAppUITests.m; sourceTree = "<group>"; };
		A6D4F1941F7F2F6B007BC8F0 /* Info.plist */ = {isa = PBXFileReference; lastKnownFileType = text.plist.xml; path = Info.plist; sourceTree = "<group>"; };
		A6D4F1B81F7F3248007BC8F0 /* AppDelegate+Category.h */ = {isa = PBXFileReference; fileEncoding = 4; lastKnownFileType = sourcecode.c.h; path = "AppDelegate+Category.h"; sourceTree = "<group>"; };
		A6D4F1B91F7F3248007BC8F0 /* AppDelegate+Category.m */ = {isa = PBXFileReference; fileEncoding = 4; lastKnownFileType = sourcecode.c.objc; path = "AppDelegate+Category.m"; sourceTree = "<group>"; };
		A6D4F1BB1F7F334E007BC8F0 /* EX_NavigationController.h */ = {isa = PBXFileReference; fileEncoding = 4; lastKnownFileType = sourcecode.c.h; path = EX_NavigationController.h; sourceTree = "<group>"; };
		A6D4F1BC1F7F334E007BC8F0 /* EX_NavigationController.m */ = {isa = PBXFileReference; fileEncoding = 4; lastKnownFileType = sourcecode.c.objc; path = EX_NavigationController.m; sourceTree = "<group>"; };
		A6D4F1BE1F7F3376007BC8F0 /* EX_TabBarController.h */ = {isa = PBXFileReference; fileEncoding = 4; lastKnownFileType = sourcecode.c.h; path = EX_TabBarController.h; sourceTree = "<group>"; };
		A6D4F1BF1F7F3376007BC8F0 /* EX_TabBarController.m */ = {isa = PBXFileReference; fileEncoding = 4; lastKnownFileType = sourcecode.c.objc; path = EX_TabBarController.m; sourceTree = "<group>"; };
		A6D4F1C41F7F3422007BC8F0 /* EX_VideoViewController.h */ = {isa = PBXFileReference; fileEncoding = 4; lastKnownFileType = sourcecode.c.h; path = EX_VideoViewController.h; sourceTree = "<group>"; };
		A6D4F1C51F7F3422007BC8F0 /* EX_VideoViewController.m */ = {isa = PBXFileReference; fileEncoding = 4; lastKnownFileType = sourcecode.c.objc; path = EX_VideoViewController.m; sourceTree = "<group>"; };
		A6D4F1C71F7F3430007BC8F0 /* EX_PracticeController.h */ = {isa = PBXFileReference; fileEncoding = 4; lastKnownFileType = sourcecode.c.h; path = EX_PracticeController.h; sourceTree = "<group>"; };
		A6D4F1C81F7F3430007BC8F0 /* EX_PracticeController.m */ = {isa = PBXFileReference; fileEncoding = 4; lastKnownFileType = sourcecode.c.objc; path = EX_PracticeController.m; sourceTree = "<group>"; };
		A6D4F1CA1F7F358C007BC8F0 /* MyKit.h */ = {isa = PBXFileReference; lastKnownFileType = sourcecode.c.h; path = MyKit.h; sourceTree = "<group>"; };
		A6D4F1CB1F7F3783007BC8F0 /* CommonTools.h */ = {isa = PBXFileReference; lastKnownFileType = sourcecode.c.h; path = CommonTools.h; sourceTree = "<group>"; };
		A6D4F1CC1F7F37C8007BC8F0 /* ColorDefines.h */ = {isa = PBXFileReference; lastKnownFileType = sourcecode.c.h; path = ColorDefines.h; sourceTree = "<group>"; };
		A6D4F1CD1F7F399D007BC8F0 /* UIImage+Category.h */ = {isa = PBXFileReference; fileEncoding = 4; lastKnownFileType = sourcecode.c.h; path = "UIImage+Category.h"; sourceTree = "<group>"; };
		A6D4F1CE1F7F399D007BC8F0 /* UIImage+Category.m */ = {isa = PBXFileReference; fileEncoding = 4; lastKnownFileType = sourcecode.c.objc; path = "UIImage+Category.m"; sourceTree = "<group>"; };
		A6D4F1D01F7F3DC5007BC8F0 /* EX_BaseModel.h */ = {isa = PBXFileReference; fileEncoding = 4; lastKnownFileType = sourcecode.c.h; path = EX_BaseModel.h; sourceTree = "<group>"; };
		A6D4F1D11F7F3DC5007BC8F0 /* EX_BaseModel.m */ = {isa = PBXFileReference; fileEncoding = 4; lastKnownFileType = sourcecode.c.objc; path = EX_BaseModel.m; sourceTree = "<group>"; };
		A6D4F1D31F7F3E7F007BC8F0 /* EX_BaseViewProtocol.h */ = {isa = PBXFileReference; fileEncoding = 4; lastKnownFileType = sourcecode.c.h; path = EX_BaseViewProtocol.h; sourceTree = "<group>"; };
		A6D4F1D41F7F3F1D007BC8F0 /* EX_BaseTableViewCellProtocol.h */ = {isa = PBXFileReference; fileEncoding = 4; lastKnownFileType = sourcecode.c.h; path = EX_BaseTableViewCellProtocol.h; sourceTree = "<group>"; };
		A6D4F1D51F7F3FBE007BC8F0 /* Assets.xcassets */ = {isa = PBXFileReference; lastKnownFileType = folder.assetcatalog; path = Assets.xcassets; sourceTree = "<group>"; };
		A6D4F1D71F7F40F3007BC8F0 /* UIBarButtonItem+Category.h */ = {isa = PBXFileReference; fileEncoding = 4; lastKnownFileType = sourcecode.c.h; path = "UIBarButtonItem+Category.h"; sourceTree = "<group>"; };
		A6D4F1D81F7F40F3007BC8F0 /* UIBarButtonItem+Category.m */ = {isa = PBXFileReference; fileEncoding = 4; lastKnownFileType = sourcecode.c.objc; path = "UIBarButtonItem+Category.m"; sourceTree = "<group>"; };
		A6D4F1DA1F7F426A007BC8F0 /* NSString+FriendExtenison.h */ = {isa = PBXFileReference; fileEncoding = 4; lastKnownFileType = sourcecode.c.h; path = "NSString+FriendExtenison.h"; sourceTree = "<group>"; };
		A6D4F1DB1F7F426A007BC8F0 /* NSString+FriendExtenison.m */ = {isa = PBXFileReference; fileEncoding = 4; lastKnownFileType = sourcecode.c.objc; path = "NSString+FriendExtenison.m"; sourceTree = "<group>"; };
		A6D4F1ED1F7F5DED007BC8F0 /* EX_LeftController.h */ = {isa = PBXFileReference; fileEncoding = 4; lastKnownFileType = sourcecode.c.h; path = EX_LeftController.h; sourceTree = "<group>"; };
		A6D4F1EE1F7F5DED007BC8F0 /* EX_LeftController.m */ = {isa = PBXFileReference; fileEncoding = 4; lastKnownFileType = sourcecode.c.objc; path = EX_LeftController.m; sourceTree = "<group>"; };
		A6DE56DC1F9DBEEF0082F256 /* EX_SubChannelModel.h */ = {isa = PBXFileReference; lastKnownFileType = sourcecode.c.h; path = EX_SubChannelModel.h; sourceTree = "<group>"; };
		A6DE56DD1F9DBEEF0082F256 /* EX_SubChannelModel.m */ = {isa = PBXFileReference; lastKnownFileType = sourcecode.c.objc; path = EX_SubChannelModel.m; sourceTree = "<group>"; };
		A6DE56DF1F9DBF1C0082F256 /* EX_ContentModel.h */ = {isa = PBXFileReference; lastKnownFileType = sourcecode.c.h; path = EX_ContentModel.h; sourceTree = "<group>"; };
		A6DE56E01F9DBF1C0082F256 /* EX_ContentModel.m */ = {isa = PBXFileReference; lastKnownFileType = sourcecode.c.objc; path = EX_ContentModel.m; sourceTree = "<group>"; };
		A6DE56EF1F9DCAF20082F256 /* UIColor+Category.h */ = {isa = PBXFileReference; lastKnownFileType = sourcecode.c.h; path = "UIColor+Category.h"; sourceTree = "<group>"; };
		A6DE56F01F9DCAF20082F256 /* UIColor+Category.m */ = {isa = PBXFileReference; lastKnownFileType = sourcecode.c.objc; path = "UIColor+Category.m"; sourceTree = "<group>"; };
		A6FE1E871F99EBFB00948D74 /* EXShopInfoModel.h */ = {isa = PBXFileReference; lastKnownFileType = sourcecode.c.h; path = EXShopInfoModel.h; sourceTree = "<group>"; };
		A6FE1E881F99EBFB00948D74 /* EXShopInfoModel.m */ = {isa = PBXFileReference; lastKnownFileType = sourcecode.c.objc; path = EXShopInfoModel.m; sourceTree = "<group>"; };
		BA595DD93A5A2639DBE816FC /* Pods-ExperimentApp.release.xcconfig */ = {isa = PBXFileReference; includeInIndex = 1; lastKnownFileType = text.xcconfig; name = "Pods-ExperimentApp.release.xcconfig"; path = "Pods/Target Support Files/Pods-ExperimentApp/Pods-ExperimentApp.release.xcconfig"; sourceTree = "<group>"; };
		C50046B991DDA0FF1B22D180 /* libPods-ExperimentApp.a */ = {isa = PBXFileReference; explicitFileType = archive.ar; includeInIndex = 0; path = "libPods-ExperimentApp.a"; sourceTree = BUILT_PRODUCTS_DIR; };
		D29A4B6FF5A9CA9F32B85039 /* Pods-ExperimentAppUITests.debug.xcconfig */ = {isa = PBXFileReference; includeInIndex = 1; lastKnownFileType = text.xcconfig; name = "Pods-ExperimentAppUITests.debug.xcconfig"; path = "Pods/Target Support Files/Pods-ExperimentAppUITests/Pods-ExperimentAppUITests.debug.xcconfig"; sourceTree = "<group>"; };
/* End PBXFileReference section */

/* Begin PBXFrameworksBuildPhase section */
		A6D4F1671F7F2F6B007BC8F0 /* Frameworks */ = {
			isa = PBXFrameworksBuildPhase;
			buildActionMask = 2147483647;
			files = (
				CE2EA2EC1BADEEC2E5F16A31 /* libPods-ExperimentApp.a in Frameworks */,
			);
			runOnlyForDeploymentPostprocessing = 0;
		};
		A6D4F1801F7F2F6B007BC8F0 /* Frameworks */ = {
			isa = PBXFrameworksBuildPhase;
			buildActionMask = 2147483647;
			files = (
				9593870948A22A78A88AE0E2 /* libPods-ExperimentAppTests.a in Frameworks */,
			);
			runOnlyForDeploymentPostprocessing = 0;
		};
		A6D4F18B1F7F2F6B007BC8F0 /* Frameworks */ = {
			isa = PBXFrameworksBuildPhase;
			buildActionMask = 2147483647;
			files = (
				60473EBE58677D6FE2824EF1 /* libPods-ExperimentAppUITests.a in Frameworks */,
			);
			runOnlyForDeploymentPostprocessing = 0;
		};
/* End PBXFrameworksBuildPhase section */

/* Begin PBXGroup section */
		11C11796D1101BE84C33F709 /* Pods */ = {
			isa = PBXGroup;
			children = (
				376E7E785ED3C3DBD3C75AC0 /* Pods-ExperimentApp.debug.xcconfig */,
				BA595DD93A5A2639DBE816FC /* Pods-ExperimentApp.release.xcconfig */,
				599EDEDE3D93F68A158C0231 /* Pods-ExperimentAppTests.debug.xcconfig */,
				467B6C5F1CEE69846166BAA5 /* Pods-ExperimentAppTests.release.xcconfig */,
				D29A4B6FF5A9CA9F32B85039 /* Pods-ExperimentAppUITests.debug.xcconfig */,
				5F67374644098767BBDE0066 /* Pods-ExperimentAppUITests.release.xcconfig */,
			);
			name = Pods;
			sourceTree = "<group>";
		};
		93A51672169093028AA1FD33 /* Frameworks */ = {
			isa = PBXGroup;
			children = (
				C50046B991DDA0FF1B22D180 /* libPods-ExperimentApp.a */,
				68AE342FBCA927205EF9154C /* libPods-ExperimentAppTests.a */,
				756234E80D909441D7AAD4D8 /* libPods-ExperimentAppUITests.a */,
			);
			name = Frameworks;
			sourceTree = "<group>";
		};
		A60AE68F1F998AB200229AFE /* NetworkTools */ = {
			isa = PBXGroup;
			children = (
				A60AE6AC1F99976A00229AFE /* WYNetworkCache.h */,
				A60AE6A71F99976A00229AFE /* WYNetworkCache.m */,
				A60AE6AD1F99976A00229AFE /* WYNetworkHelper.h */,
				A60AE6A61F99976A00229AFE /* WYNetworkHelper.m */,
				A60AE6A91F99976A00229AFE /* WYSessionManger.h */,
				A60AE6AB1F99976A00229AFE /* WYSessionManger.m */,
				A60AE6BA1F99A1FB00229AFE /* EXSeviceRequestManger.h */,
				A60AE6BB1F99A1FB00229AFE /* EXSeviceRequestManger.m */,
			);
			path = NetworkTools;
			sourceTree = "<group>";
		};
		A60AE6901F998B6000229AFE /* Vendor */ = {
			isa = PBXGroup;
			children = (
				A60AE6911F998B7B00229AFE /* YYCache */,
			);
			path = Vendor;
			sourceTree = "<group>";
		};
		A60AE6911F998B7B00229AFE /* YYCache */ = {
			isa = PBXGroup;
			children = (
				A60AE6921F998B7B00229AFE /* YYCache.h */,
				A60AE6931F998B7B00229AFE /* YYCache.m */,
				A60AE6941F998B7B00229AFE /* YYDiskCache.h */,
				A60AE6951F998B7B00229AFE /* YYDiskCache.m */,
				A60AE6961F998B7B00229AFE /* YYKVStorage.h */,
				A60AE6971F998B7B00229AFE /* YYKVStorage.m */,
				A60AE6981F998B7B00229AFE /* YYMemoryCache.h */,
				A60AE6991F998B7B00229AFE /* YYMemoryCache.m */,
			);
			path = YYCache;
			sourceTree = "<group>";
		};
		A60AE6A21F99940B00229AFE /* Tools */ = {
			isa = PBXGroup;
			children = (
				A60AE6A31F99941E00229AFE /* EX_Tools.h */,
				A60AE6A41F99941E00229AFE /* EX_Tools.m */,
			);
			path = Tools;
			sourceTree = "<group>";
		};
		A60AE6AE1F99998700229AFE /* RunView */ = {
			isa = PBXGroup;
			children = (
				A60AE6AF1F9999A000229AFE /* VerRunView.h */,
				A60AE6B01F9999A000229AFE /* VerRunView.m */,
			);
			path = RunView;
			sourceTree = "<group>";
		};
		A60AE6B51F999FE100229AFE /* Model */ = {
			isa = PBXGroup;
			children = (
				A60AE6B61F99A00B00229AFE /* EX_ChannelModel.h */,
				A60AE6B71F99A00B00229AFE /* EX_ChannelModel.m */,
				A6DE56DC1F9DBEEF0082F256 /* EX_SubChannelModel.h */,
				A6DE56DD1F9DBEEF0082F256 /* EX_SubChannelModel.m */,
				A6DE56DF1F9DBF1C0082F256 /* EX_ContentModel.h */,
				A6DE56E01F9DBF1C0082F256 /* EX_ContentModel.m */,
				A6FE1E871F99EBFB00948D74 /* EXShopInfoModel.h */,
				A6FE1E881F99EBFB00948D74 /* EXShopInfoModel.m */,
			);
			path = Model;
			sourceTree = "<group>";
		};
		A60EB0FC1FA1CE86003A1157 /* LateralSlide */ = {
			isa = PBXGroup;
			children = (
				A60EB10F1FA1D47C003A1157 /* CWDrawerTransition.h */,
				A60EB10E1FA1D47C003A1157 /* CWDrawerTransition.m */,
				A60EB1121FA1D47C003A1157 /* CWInteractiveTransition.h */,
				A60EB1101FA1D47C003A1157 /* CWInteractiveTransition.m */,
				A60EB10D1FA1D47C003A1157 /* CWLateralSlideAnimator.h */,
				A60EB1111FA1D47C003A1157 /* CWLateralSlideAnimator.m */,
				A60EB10C1FA1D47B003A1157 /* CWLateralSlideConfiguration.h */,
				A60EB1131FA1D47C003A1157 /* CWLateralSlideConfiguration.m */,
				A60EB1151FA1D47C003A1157 /* UIViewController+CWLateralSlide.h */,
				A60EB1141FA1D47C003A1157 /* UIViewController+CWLateralSlide.m */,
			);
			path = LateralSlide;
			sourceTree = "<group>";
		};
		A60EB1231FA2AE84003A1157 /* LeftViewController */ = {
			isa = PBXGroup;
			children = (
				A60EB1241FA2AF00003A1157 /* Model */,
				A6D4F1ED1F7F5DED007BC8F0 /* EX_LeftController.h */,
				A6D4F1EE1F7F5DED007BC8F0 /* EX_LeftController.m */,
				A692EE871F8B4F6F00201C47 /* EX_LeftTableViewCell.h */,
				A692EE881F8B4F6F00201C47 /* EX_LeftTableViewCell.m */,
				A692EE8D1F8B556A00201C47 /* EX_leftHeadView.h */,
				A692EE8E1F8B556A00201C47 /* EX_leftHeadView.m */,
			);
			path = LeftViewController;
			sourceTree = "<group>";
		};
		A60EB1241FA2AF00003A1157 /* Model */ = {
			isa = PBXGroup;
			children = (
				A60EB1251FA2AF1C003A1157 /* EXLeftModel.h */,
				A60EB1261FA2AF1C003A1157 /* EXLeftModel.m */,
			);
			path = Model;
			sourceTree = "<group>";
		};
		A60EB1281FA2B110003A1157 /* SubjectController */ = {
			isa = PBXGroup;
			children = (
				A60EB1291FA2B149003A1157 /* EXSubjectViewController.h */,
				A60EB12A1FA2B149003A1157 /* EXSubjectViewController.m */,
			);
			path = SubjectController;
			sourceTree = "<group>";
		};
		A61DC52D1FA6B7850091533A /* MoveShoot */ = {
			isa = PBXGroup;
			children = (
				A61DC52F1FA6B7B60091533A /* EXMoveShootViewController.h */,
				A61DC5301FA6B7B60091533A /* EXMoveShootViewController.m */,
			);
			path = MoveShoot;
			sourceTree = "<group>";
		};
		A61DC52E1FA6B79E0091533A /* CopyEditor */ = {
			isa = PBXGroup;
			children = (
				A61DC5361FA6D2F10091533A /* View */,
				A61DC5321FA6B7CA0091533A /* EXCopyEditorViewController.h */,
				A61DC5331FA6B7CA0091533A /* EXCopyEditorViewController.m */,
			);
			path = CopyEditor;
			sourceTree = "<group>";
		};
		A61DC5361FA6D2F10091533A /* View */ = {
			isa = PBXGroup;
			children = (
				A61DC5371FA6D3060091533A /* EXEditorTextView.h */,
				A61DC5381FA6D3060091533A /* EXEditorTextView.m */,
			);
			path = View;
			sourceTree = "<group>";
		};
		A61DC53D1FA6FFF80091533A /* EXSegmentedControl */ = {
			isa = PBXGroup;
			children = (
				A61DC53E1FA7000E0091533A /* EXSegmentedControl.h */,
				A61DC53F1FA7000E0091533A /* EXSegmentedControl.m */,
			);
			path = EXSegmentedControl;
			sourceTree = "<group>";
		};
		A61DC5431FA72A0F0091533A /* keyBoardPhoto */ = {
			isa = PBXGroup;
			children = (
				A61DC5441FA72AC70091533A /* EXKeyboardPhotoViewController.h */,
				A61DC5451FA72AC70091533A /* EXKeyboardPhotoViewController.m */,
				A67466C11FA7FD0B0097E77C /* EXKeyboardPhotoCollectionViewCell.h */,
				A67466C21FA7FD0B0097E77C /* EXKeyboardPhotoCollectionViewCell.m */,
				A61DC5471FA72BEF0091533A /* EXPhotoPreviewViewController.h */,
				A61DC5481FA72BEF0091533A /* EXPhotoPreviewViewController.m */,
			);
			path = keyBoardPhoto;
			sourceTree = "<group>";
		};
		A659BD2D1FA31BE4008F60F8 /* Model */ = {
			isa = PBXGroup;
			children = (
				A659BD2E1FA31BFF008F60F8 /* EXGoodsModel.h */,
				A659BD2F1FA31BFF008F60F8 /* EXGoodsModel.m */,
			);
			path = Model;
			sourceTree = "<group>";
		};
		A66F98491FA061AE00D33340 /* Cell */ = {
			isa = PBXGroup;
			children = (
			);
			path = Cell;
			sourceTree = "<group>";
		};
		A67CBA181FA2DDDC00F40F0F /* GoodsRecommend */ = {
			isa = PBXGroup;
			children = (
				A659BD2D1FA31BE4008F60F8 /* Model */,
				A67CBA1F1FA2F9C600F40F0F /* View */,
				A67CBA191FA2DE3000F40F0F /* EXGoodsRecommendViewController.h */,
				A67CBA1A1FA2DE3000F40F0F /* EXGoodsRecommendViewController.m */,
			);
			path = GoodsRecommend;
			sourceTree = "<group>";
		};
		A67CBA1F1FA2F9C600F40F0F /* View */ = {
			isa = PBXGroup;
			children = (
				A66F984B1FA0646000D33340 /* EXGoodsInfoTableViewCell.h */,
				A66F984C1FA0646000D33340 /* EXGoodsInfoTableViewCell.m */,
				A67CBA241FA3080A00F40F0F /* GoodsFootView */,
				A67CBA201FA2F9DB00F40F0F /* NavigationView */,
			);
			path = View;
			sourceTree = "<group>";
		};
		A67CBA201FA2F9DB00F40F0F /* NavigationView */ = {
			isa = PBXGroup;
			children = (
				A67CBA211FA2F9EB00F40F0F /* EXNavigationView.h */,
				A67CBA221FA2F9EB00F40F0F /* EXNavigationView.m */,
			);
			path = NavigationView;
			sourceTree = "<group>";
		};
		A67CBA241FA3080A00F40F0F /* GoodsFootView */ = {
			isa = PBXGroup;
			children = (
				A67CBA251FA3081B00F40F0F /* EXGoodsFootView.h */,
				A67CBA261FA3081B00F40F0F /* EXGoodsFootView.m */,
			);
			path = GoodsFootView;
			sourceTree = "<group>";
		};
		A69BB3CA1F9F1820000C6C03 /* ShopMalls */ = {
			isa = PBXGroup;
			children = (
				A66F98491FA061AE00D33340 /* Cell */,
				A69BB3CB1F9F183A000C6C03 /* EXShopMallsViewController.h */,
				A69BB3CC1F9F183A000C6C03 /* EXShopMallsViewController.m */,
			);
			name = ShopMalls;
			path = Shop;
			sourceTree = "<group>";
		};
		A6D4F1611F7F2F6B007BC8F0 = {
			isa = PBXGroup;
			children = (
				A6D4F1A41F7F308B007BC8F0 /* Class */,
				A6D4F16C1F7F2F6B007BC8F0 /* ExperimentApp */,
				A6D4F1861F7F2F6B007BC8F0 /* ExperimentAppTests */,
				A6D4F1911F7F2F6B007BC8F0 /* ExperimentAppUITests */,
				A6D4F16B1F7F2F6B007BC8F0 /* Products */,
				11C11796D1101BE84C33F709 /* Pods */,
				93A51672169093028AA1FD33 /* Frameworks */,
			);
			sourceTree = "<group>";
		};
		A6D4F16B1F7F2F6B007BC8F0 /* Products */ = {
			isa = PBXGroup;
			children = (
				A6D4F16A1F7F2F6B007BC8F0 /* ExperimentApp.app */,
				A6D4F1831F7F2F6B007BC8F0 /* ExperimentAppTests.xctest */,
				A6D4F18E1F7F2F6B007BC8F0 /* ExperimentAppUITests.xctest */,
			);
			name = Products;
			sourceTree = "<group>";
		};
		A6D4F16C1F7F2F6B007BC8F0 /* ExperimentApp */ = {
			isa = PBXGroup;
			children = (
				A6D4F1701F7F2F6B007BC8F0 /* AppDelegate.h */,
				A6D4F1711F7F2F6B007BC8F0 /* AppDelegate.m */,
				A6D4F1731F7F2F6B007BC8F0 /* ViewController.h */,
				A6D4F1741F7F2F6B007BC8F0 /* ViewController.m */,
				A6D4F1D51F7F3FBE007BC8F0 /* Assets.xcassets */,
				A6D4F1761F7F2F6B007BC8F0 /* Main.storyboard */,
				A6D4F17B1F7F2F6B007BC8F0 /* LaunchScreen.storyboard */,
				A6D4F17E1F7F2F6B007BC8F0 /* Info.plist */,
				A6D4F16D1F7F2F6B007BC8F0 /* Supporting Files */,
			);
			path = ExperimentApp;
			sourceTree = "<group>";
		};
		A6D4F16D1F7F2F6B007BC8F0 /* Supporting Files */ = {
			isa = PBXGroup;
			children = (
				A6D4F16E1F7F2F6B007BC8F0 /* main.m */,
			);
			name = "Supporting Files";
			sourceTree = "<group>";
		};
		A6D4F1861F7F2F6B007BC8F0 /* ExperimentAppTests */ = {
			isa = PBXGroup;
			children = (
				A6D4F1871F7F2F6B007BC8F0 /* ExperimentAppTests.m */,
				A6D4F1891F7F2F6B007BC8F0 /* Info.plist */,
			);
			path = ExperimentAppTests;
			sourceTree = "<group>";
		};
		A6D4F1911F7F2F6B007BC8F0 /* ExperimentAppUITests */ = {
			isa = PBXGroup;
			children = (
				A6D4F1921F7F2F6B007BC8F0 /* ExperimentAppUITests.m */,
				A6D4F1941F7F2F6B007BC8F0 /* Info.plist */,
			);
			path = ExperimentAppUITests;
			sourceTree = "<group>";
		};
		A6D4F1A41F7F308B007BC8F0 /* Class */ = {
			isa = PBXGroup;
			children = (
				A60AE6901F998B6000229AFE /* Vendor */,
				A6D4F1A81F7F30B9007BC8F0 /* Common */,
				A6D4F1A71F7F30AD007BC8F0 /* Pages */,
				A6D4F1A51F7F3096007BC8F0 /* Utils */,
			);
			path = Class;
			sourceTree = "<group>";
		};
		A6D4F1A51F7F3096007BC8F0 /* Utils */ = {
			isa = PBXGroup;
			children = (
				A60AE6A21F99940B00229AFE /* Tools */,
				A60AE68F1F998AB200229AFE /* NetworkTools */,
				A6D4F1B31F7F3178007BC8F0 /* View */,
				A6D4F1B01F7F314D007BC8F0 /* Category */,
				A6D4F1AF1F7F313E007BC8F0 /* Definition */,
			);
			path = Utils;
			sourceTree = "<group>";
		};
		A6D4F1A71F7F30AD007BC8F0 /* Pages */ = {
			isa = PBXGroup;
			children = (
				A69BB3CA1F9F1820000C6C03 /* ShopMalls */,
				A6D4F1B61F7F31B9007BC8F0 /* Journalism */,
				A6D4F1B51F7F31AA007BC8F0 /* SuperSatr */,
				A6D4F1B41F7F319F007BC8F0 /* Experiment */,
			);
			path = Pages;
			sourceTree = "<group>";
		};
		A6D4F1A81F7F30B9007BC8F0 /* Common */ = {
			isa = PBXGroup;
			children = (
				A6D4F1AC1F7F30EE007BC8F0 /* BaseView */,
				A6D4F1AB1F7F30E6007BC8F0 /* BaseModel */,
				A6D4F1AA1F7F30DD007BC8F0 /* BaseController */,
				A6D4F1A91F7F30D0007BC8F0 /* RootViewController */,
			);
			path = Common;
			sourceTree = "<group>";
		};
		A6D4F1A91F7F30D0007BC8F0 /* RootViewController */ = {
			isa = PBXGroup;
			children = (
				A6D4F1B81F7F3248007BC8F0 /* AppDelegate+Category.h */,
				A6D4F1B91F7F3248007BC8F0 /* AppDelegate+Category.m */,
			);
			path = RootViewController;
			sourceTree = "<group>";
		};
		A6D4F1AA1F7F30DD007BC8F0 /* BaseController */ = {
			isa = PBXGroup;
			children = (
				A6D4F1BB1F7F334E007BC8F0 /* EX_NavigationController.h */,
				A6D4F1BC1F7F334E007BC8F0 /* EX_NavigationController.m */,
				A6D4F1BE1F7F3376007BC8F0 /* EX_TabBarController.h */,
				A6D4F1BF1F7F3376007BC8F0 /* EX_TabBarController.m */,
			);
			path = BaseController;
			sourceTree = "<group>";
		};
		A6D4F1AB1F7F30E6007BC8F0 /* BaseModel */ = {
			isa = PBXGroup;
			children = (
				A6D4F1D01F7F3DC5007BC8F0 /* EX_BaseModel.h */,
				A6D4F1D11F7F3DC5007BC8F0 /* EX_BaseModel.m */,
				A60AE69A1F998CE700229AFE /* EX_BaseModelProtocol.h */,
				A6A921201F9D798E000FF6B3 /* EX_BaseTableViewCellActionProtocol.h */,
			);
			path = BaseModel;
			sourceTree = "<group>";
		};
		A6D4F1AC1F7F30EE007BC8F0 /* BaseView */ = {
			isa = PBXGroup;
			children = (
				A60AE69B1F998D2D00229AFE /* EX_BaseView.h */,
				A60AE69C1F998D2D00229AFE /* EX_BaseView.m */,
				A6D4F1D31F7F3E7F007BC8F0 /* EX_BaseViewProtocol.h */,
				A67CBA171FA2C49100F40F0F /* EXBaseViewActionProtocol.h */,
				A692EE8A1F8B4FFA00201C47 /* EX_BaseTbaleViewCell.h */,
				A692EE8B1F8B4FFA00201C47 /* EX_BaseTbaleViewCell.m */,
				A6D4F1D41F7F3F1D007BC8F0 /* EX_BaseTableViewCellProtocol.h */,
				A60AE69E1F99906800229AFE /* EX_BaseViewController.h */,
				A60AE69F1F99906800229AFE /* EX_BaseViewController.m */,
				A60AE6A11F9990DC00229AFE /* EX_BaseViewControllerProtocal.h */,
				A60C72B11F9DF0690070C586 /* EX_BaseCollectionViewCell.h */,
				A60C72B21F9DF0690070C586 /* EX_BaseCollectionViewCell.m */,
				A60C72B41F9DF0C40070C586 /* EX_BaseCollectionViewCellProtocol.h */,
			);
			path = BaseView;
			sourceTree = "<group>";
		};
		A6D4F1AF1F7F313E007BC8F0 /* Definition */ = {
			isa = PBXGroup;
			children = (
				A6D4F1CA1F7F358C007BC8F0 /* MyKit.h */,
				A6D4F1CB1F7F3783007BC8F0 /* CommonTools.h */,
				A6D4F1CC1F7F37C8007BC8F0 /* ColorDefines.h */,
			);
			path = Definition;
			sourceTree = "<group>";
		};
		A6D4F1B01F7F314D007BC8F0 /* Category */ = {
			isa = PBXGroup;
			children = (
				A692EE941F8B616F00201C47 /* UIView+WY_Extenison.h */,
				A692EE951F8B616F00201C47 /* UIView+WY_Extenison.m */,
				A692EE921F8B5AD400201C47 /* UILabel+ZDKExtent.h */,
				A692EE911F8B5AD400201C47 /* UILabel+ZDKExtent.m */,
				A6D4F1DA1F7F426A007BC8F0 /* NSString+FriendExtenison.h */,
				A6D4F1DB1F7F426A007BC8F0 /* NSString+FriendExtenison.m */,
				A6D4F1CD1F7F399D007BC8F0 /* UIImage+Category.h */,
				A6D4F1CE1F7F399D007BC8F0 /* UIImage+Category.m */,
				A6D4F1D71F7F40F3007BC8F0 /* UIBarButtonItem+Category.h */,
				A6D4F1D81F7F40F3007BC8F0 /* UIBarButtonItem+Category.m */,
				A6DE56EF1F9DCAF20082F256 /* UIColor+Category.h */,
				A6DE56F01F9DCAF20082F256 /* UIColor+Category.m */,
				A67466CC1FA8780D0097E77C /* RewriteButton.h */,
				A67466CD1FA8780D0097E77C /* RewriteButton.m */,
			);
			path = Category;
			sourceTree = "<group>";
		};
		A6D4F1B31F7F3178007BC8F0 /* View */ = {
			isa = PBXGroup;
			children = (
				A61DC5431FA72A0F0091533A /* keyBoardPhoto */,
				A61DC53D1FA6FFF80091533A /* EXSegmentedControl */,
				A60EB0FC1FA1CE86003A1157 /* LateralSlide */,
				A60AE6AE1F99998700229AFE /* RunView */,
			);
			path = View;
			sourceTree = "<group>";
		};
		A6D4F1B41F7F319F007BC8F0 /* Experiment */ = {
			isa = PBXGroup;
			children = (
				A60EB1281FA2B110003A1157 /* SubjectController */,
				A60EB1231FA2AE84003A1157 /* LeftViewController */,
				A6D4F1E41F7F4B95007BC8F0 /* View */,
				A6D4F1C71F7F3430007BC8F0 /* EX_PracticeController.h */,
				A6D4F1C81F7F3430007BC8F0 /* EX_PracticeController.m */,
			);
			path = Experiment;
			sourceTree = "<group>";
		};
		A6D4F1B51F7F31AA007BC8F0 /* SuperSatr */ = {
			isa = PBXGroup;
			children = (
				A67CBA181FA2DDDC00F40F0F /* GoodsRecommend */,
				A60AE6B51F999FE100229AFE /* Model */,
				A6FC69CD1F8E181B005733AC /* View */,
				A6D4F1C41F7F3422007BC8F0 /* EX_VideoViewController.h */,
				A6D4F1C51F7F3422007BC8F0 /* EX_VideoViewController.m */,
			);
			path = SuperSatr;
			sourceTree = "<group>";
		};
		A6D4F1B61F7F31B9007BC8F0 /* Journalism */ = {
			isa = PBXGroup;
			children = (
				A61DC52E1FA6B79E0091533A /* CopyEditor */,
				A61DC52D1FA6B7850091533A /* MoveShoot */,
				A67CBA1C1FA2DE8600F40F0F /* EXHotNewsViewController.h */,
				A67CBA1D1FA2DE8600F40F0F /* EXHotNewsViewController.m */,
			);
			path = Journalism;
			sourceTree = "<group>";
		};
		A6D4F1E41F7F4B95007BC8F0 /* View */ = {
			isa = PBXGroup;
			children = (
				A692EE971F8B697300201C47 /* EX_praticeHeadView.h */,
				A692EE981F8B697300201C47 /* EX_praticeHeadView.m */,
				A692EE9A1F8B698A00201C47 /* EX_PracticeCell.h */,
				A692EE9B1F8B698A00201C47 /* EX_PracticeCell.m */,
			);
			path = View;
			sourceTree = "<group>";
		};
		A6FC69CD1F8E181B005733AC /* View */ = {
			isa = PBXGroup;
			children = (
				A67CB9FF1FA2BC7D00F40F0F /* HSYClassifiedTableViewCell.h */,
				A67CBA001FA2BC7D00F40F0F /* HSYClassifiedTableViewCell.m */,
				A67CBA011FA2BC7D00F40F0F /* HSYCommodityView.h */,
				A67CBA061FA2BC7E00F40F0F /* HSYCommodityView.m */,
				A67CBA071FA2BC7E00F40F0F /* HSYDailyWillBuyTableViewCell.h */,
				A67CBA0A1FA2BC7E00F40F0F /* HSYDailyWillBuyTableViewCell.m */,
				A67CBA081FA2BC7E00F40F0F /* HSYRecommendTableViewCell.h */,
				A67CBA031FA2BC7D00F40F0F /* HSYRecommendTableViewCell.m */,
				A67CBA091FA2BC7E00F40F0F /* HSYShopingBanderTableViewCell.h */,
				A67CBA021FA2BC7D00F40F0F /* HSYShopingBanderTableViewCell.m */,
				A67CBA041FA2BC7E00F40F0F /* HSYThePoorTableViewCell.h */,
				A67CBA051FA2BC7E00F40F0F /* HSYThePoorTableViewCell.m */,
			);
			path = View;
			sourceTree = "<group>";
		};
/* End PBXGroup section */

/* Begin PBXNativeTarget section */
		A6D4F1691F7F2F6B007BC8F0 /* ExperimentApp */ = {
			isa = PBXNativeTarget;
			buildConfigurationList = A6D4F1971F7F2F6B007BC8F0 /* Build configuration list for PBXNativeTarget "ExperimentApp" */;
			buildPhases = (
				EB7C54A2C81402869CD26694 /* [CP] Check Pods Manifest.lock */,
				A6D4F1661F7F2F6B007BC8F0 /* Sources */,
				A6D4F1671F7F2F6B007BC8F0 /* Frameworks */,
				A6D4F1681F7F2F6B007BC8F0 /* Resources */,
				AE484280819BEA008D47A558 /* [CP] Embed Pods Frameworks */,
				E4FF2E5E6C75B229C148297F /* [CP] Copy Pods Resources */,
			);
			buildRules = (
			);
			dependencies = (
			);
			name = ExperimentApp;
			productName = ExperimentApp;
			productReference = A6D4F16A1F7F2F6B007BC8F0 /* ExperimentApp.app */;
			productType = "com.apple.product-type.application";
		};
		A6D4F1821F7F2F6B007BC8F0 /* ExperimentAppTests */ = {
			isa = PBXNativeTarget;
			buildConfigurationList = A6D4F19A1F7F2F6B007BC8F0 /* Build configuration list for PBXNativeTarget "ExperimentAppTests" */;
			buildPhases = (
				9BCF1905FF7B70ED40B3C924 /* [CP] Check Pods Manifest.lock */,
				A6D4F17F1F7F2F6B007BC8F0 /* Sources */,
				A6D4F1801F7F2F6B007BC8F0 /* Frameworks */,
				A6D4F1811F7F2F6B007BC8F0 /* Resources */,
				8841CEE3996E910B1FAF1BF1 /* [CP] Embed Pods Frameworks */,
				C325C314A90BDEA3C84A55BF /* [CP] Copy Pods Resources */,
			);
			buildRules = (
			);
			dependencies = (
				A6D4F1851F7F2F6B007BC8F0 /* PBXTargetDependency */,
			);
			name = ExperimentAppTests;
			productName = ExperimentAppTests;
			productReference = A6D4F1831F7F2F6B007BC8F0 /* ExperimentAppTests.xctest */;
			productType = "com.apple.product-type.bundle.unit-test";
		};
		A6D4F18D1F7F2F6B007BC8F0 /* ExperimentAppUITests */ = {
			isa = PBXNativeTarget;
			buildConfigurationList = A6D4F19D1F7F2F6B007BC8F0 /* Build configuration list for PBXNativeTarget "ExperimentAppUITests" */;
			buildPhases = (
				12D2C8F5FA6E8272AFDF95D5 /* [CP] Check Pods Manifest.lock */,
				A6D4F18A1F7F2F6B007BC8F0 /* Sources */,
				A6D4F18B1F7F2F6B007BC8F0 /* Frameworks */,
				A6D4F18C1F7F2F6B007BC8F0 /* Resources */,
				4B7D3ECB618E05FF4B811758 /* [CP] Embed Pods Frameworks */,
				139BD648BAD63E0C8BC02280 /* [CP] Copy Pods Resources */,
			);
			buildRules = (
			);
			dependencies = (
				A6D4F1901F7F2F6B007BC8F0 /* PBXTargetDependency */,
			);
			name = ExperimentAppUITests;
			productName = ExperimentAppUITests;
			productReference = A6D4F18E1F7F2F6B007BC8F0 /* ExperimentAppUITests.xctest */;
			productType = "com.apple.product-type.bundle.ui-testing";
		};
/* End PBXNativeTarget section */

/* Begin PBXProject section */
		A6D4F1621F7F2F6B007BC8F0 /* Project object */ = {
			isa = PBXProject;
			attributes = {
				CLASSPREFIX = EX;
				LastUpgradeCheck = 0900;
				ORGANIZATIONNAME = com.GDBank.Company;
				TargetAttributes = {
					A6D4F1691F7F2F6B007BC8F0 = {
						CreatedOnToolsVersion = 8.3.3;
						ProvisioningStyle = Automatic;
					};
					A6D4F1821F7F2F6B007BC8F0 = {
						CreatedOnToolsVersion = 8.3.3;
						ProvisioningStyle = Automatic;
						TestTargetID = A6D4F1691F7F2F6B007BC8F0;
					};
					A6D4F18D1F7F2F6B007BC8F0 = {
						CreatedOnToolsVersion = 8.3.3;
						ProvisioningStyle = Automatic;
						TestTargetID = A6D4F1691F7F2F6B007BC8F0;
					};
				};
			};
			buildConfigurationList = A6D4F1651F7F2F6B007BC8F0 /* Build configuration list for PBXProject "ExperimentApp" */;
			compatibilityVersion = "Xcode 3.2";
			developmentRegion = English;
			hasScannedForEncodings = 0;
			knownRegions = (
				en,
				Base,
			);
			mainGroup = A6D4F1611F7F2F6B007BC8F0;
			productRefGroup = A6D4F16B1F7F2F6B007BC8F0 /* Products */;
			projectDirPath = "";
			projectRoot = "";
			targets = (
				A6D4F1691F7F2F6B007BC8F0 /* ExperimentApp */,
				A6D4F1821F7F2F6B007BC8F0 /* ExperimentAppTests */,
				A6D4F18D1F7F2F6B007BC8F0 /* ExperimentAppUITests */,
			);
		};
/* End PBXProject section */

/* Begin PBXResourcesBuildPhase section */
		A6D4F1681F7F2F6B007BC8F0 /* Resources */ = {
			isa = PBXResourcesBuildPhase;
			buildActionMask = 2147483647;
			files = (
				A6D4F17D1F7F2F6B007BC8F0 /* LaunchScreen.storyboard in Resources */,
				A6D4F1D61F7F3FBE007BC8F0 /* Assets.xcassets in Resources */,
				A6D4F1781F7F2F6B007BC8F0 /* Main.storyboard in Resources */,
			);
			runOnlyForDeploymentPostprocessing = 0;
		};
		A6D4F1811F7F2F6B007BC8F0 /* Resources */ = {
			isa = PBXResourcesBuildPhase;
			buildActionMask = 2147483647;
			files = (
			);
			runOnlyForDeploymentPostprocessing = 0;
		};
		A6D4F18C1F7F2F6B007BC8F0 /* Resources */ = {
			isa = PBXResourcesBuildPhase;
			buildActionMask = 2147483647;
			files = (
			);
			runOnlyForDeploymentPostprocessing = 0;
		};
/* End PBXResourcesBuildPhase section */

/* Begin PBXShellScriptBuildPhase section */
		12D2C8F5FA6E8272AFDF95D5 /* [CP] Check Pods Manifest.lock */ = {
			isa = PBXShellScriptBuildPhase;
			buildActionMask = 2147483647;
			files = (
			);
			inputPaths = (
			);
			name = "[CP] Check Pods Manifest.lock";
			outputPaths = (
			);
			runOnlyForDeploymentPostprocessing = 0;
			shellPath = /bin/sh;
			shellScript = "diff \"${PODS_PODFILE_DIR_PATH}/Podfile.lock\" \"${PODS_ROOT}/Manifest.lock\" > /dev/null\nif [ $? != 0 ] ; then\n    # print error to STDERR\n    echo \"error: The sandbox is not in sync with the Podfile.lock. Run 'pod install' or update your CocoaPods installation.\" >&2\n    exit 1\nfi\n";
			showEnvVarsInLog = 0;
		};
		139BD648BAD63E0C8BC02280 /* [CP] Copy Pods Resources */ = {
			isa = PBXShellScriptBuildPhase;
			buildActionMask = 2147483647;
			files = (
			);
			inputPaths = (
			);
			name = "[CP] Copy Pods Resources";
			outputPaths = (
			);
			runOnlyForDeploymentPostprocessing = 0;
			shellPath = /bin/sh;
			shellScript = "\"${SRCROOT}/Pods/Target Support Files/Pods-ExperimentAppUITests/Pods-ExperimentAppUITests-resources.sh\"\n";
			showEnvVarsInLog = 0;
		};
		4B7D3ECB618E05FF4B811758 /* [CP] Embed Pods Frameworks */ = {
			isa = PBXShellScriptBuildPhase;
			buildActionMask = 2147483647;
			files = (
			);
			inputPaths = (
			);
			name = "[CP] Embed Pods Frameworks";
			outputPaths = (
			);
			runOnlyForDeploymentPostprocessing = 0;
			shellPath = /bin/sh;
			shellScript = "\"${SRCROOT}/Pods/Target Support Files/Pods-ExperimentAppUITests/Pods-ExperimentAppUITests-frameworks.sh\"\n";
			showEnvVarsInLog = 0;
		};
		8841CEE3996E910B1FAF1BF1 /* [CP] Embed Pods Frameworks */ = {
			isa = PBXShellScriptBuildPhase;
			buildActionMask = 2147483647;
			files = (
			);
			inputPaths = (
			);
			name = "[CP] Embed Pods Frameworks";
			outputPaths = (
			);
			runOnlyForDeploymentPostprocessing = 0;
			shellPath = /bin/sh;
			shellScript = "\"${SRCROOT}/Pods/Target Support Files/Pods-ExperimentAppTests/Pods-ExperimentAppTests-frameworks.sh\"\n";
			showEnvVarsInLog = 0;
		};
		9BCF1905FF7B70ED40B3C924 /* [CP] Check Pods Manifest.lock */ = {
			isa = PBXShellScriptBuildPhase;
			buildActionMask = 2147483647;
			files = (
			);
			inputPaths = (
			);
			name = "[CP] Check Pods Manifest.lock";
			outputPaths = (
			);
			runOnlyForDeploymentPostprocessing = 0;
			shellPath = /bin/sh;
			shellScript = "diff \"${PODS_PODFILE_DIR_PATH}/Podfile.lock\" \"${PODS_ROOT}/Manifest.lock\" > /dev/null\nif [ $? != 0 ] ; then\n    # print error to STDERR\n    echo \"error: The sandbox is not in sync with the Podfile.lock. Run 'pod install' or update your CocoaPods installation.\" >&2\n    exit 1\nfi\n";
			showEnvVarsInLog = 0;
		};
		AE484280819BEA008D47A558 /* [CP] Embed Pods Frameworks */ = {
			isa = PBXShellScriptBuildPhase;
			buildActionMask = 2147483647;
			files = (
			);
			inputPaths = (
			);
			name = "[CP] Embed Pods Frameworks";
			outputPaths = (
			);
			runOnlyForDeploymentPostprocessing = 0;
			shellPath = /bin/sh;
			shellScript = "\"${SRCROOT}/Pods/Target Support Files/Pods-ExperimentApp/Pods-ExperimentApp-frameworks.sh\"\n";
			showEnvVarsInLog = 0;
		};
		C325C314A90BDEA3C84A55BF /* [CP] Copy Pods Resources */ = {
			isa = PBXShellScriptBuildPhase;
			buildActionMask = 2147483647;
			files = (
			);
			inputPaths = (
			);
			name = "[CP] Copy Pods Resources";
			outputPaths = (
			);
			runOnlyForDeploymentPostprocessing = 0;
			shellPath = /bin/sh;
			shellScript = "\"${SRCROOT}/Pods/Target Support Files/Pods-ExperimentAppTests/Pods-ExperimentAppTests-resources.sh\"\n";
			showEnvVarsInLog = 0;
		};
		E4FF2E5E6C75B229C148297F /* [CP] Copy Pods Resources */ = {
			isa = PBXShellScriptBuildPhase;
			buildActionMask = 2147483647;
			files = (
			);
			inputPaths = (
			);
			name = "[CP] Copy Pods Resources";
			outputPaths = (
			);
			runOnlyForDeploymentPostprocessing = 0;
			shellPath = /bin/sh;
			shellScript = "\"${SRCROOT}/Pods/Target Support Files/Pods-ExperimentApp/Pods-ExperimentApp-resources.sh\"\n";
			showEnvVarsInLog = 0;
		};
		EB7C54A2C81402869CD26694 /* [CP] Check Pods Manifest.lock */ = {
			isa = PBXShellScriptBuildPhase;
			buildActionMask = 2147483647;
			files = (
			);
			inputPaths = (
			);
			name = "[CP] Check Pods Manifest.lock";
			outputPaths = (
			);
			runOnlyForDeploymentPostprocessing = 0;
			shellPath = /bin/sh;
			shellScript = "diff \"${PODS_PODFILE_DIR_PATH}/Podfile.lock\" \"${PODS_ROOT}/Manifest.lock\" > /dev/null\nif [ $? != 0 ] ; then\n    # print error to STDERR\n    echo \"error: The sandbox is not in sync with the Podfile.lock. Run 'pod install' or update your CocoaPods installation.\" >&2\n    exit 1\nfi\n";
			showEnvVarsInLog = 0;
		};
/* End PBXShellScriptBuildPhase section */

/* Begin PBXSourcesBuildPhase section */
		A6D4F1661F7F2F6B007BC8F0 /* Sources */ = {
			isa = PBXSourcesBuildPhase;
			buildActionMask = 2147483647;
			files = (
				A67CBA1E1FA2DE8600F40F0F /* EXHotNewsViewController.m in Sources */,
				A67CBA0B1FA2C38600F40F0F /* HSYClassifiedTableViewCell.h in Sources */,
				A67CBA0C1FA2C38600F40F0F /* HSYClassifiedTableViewCell.m in Sources */,
				A67CBA0D1FA2C38600F40F0F /* HSYCommodityView.h in Sources */,
				A67CBA0E1FA2C38600F40F0F /* HSYCommodityView.m in Sources */,
				A67CBA0F1FA2C38600F40F0F /* HSYDailyWillBuyTableViewCell.h in Sources */,
				A67CBA101FA2C38600F40F0F /* HSYDailyWillBuyTableViewCell.m in Sources */,
				A67CBA111FA2C38600F40F0F /* HSYRecommendTableViewCell.h in Sources */,
				A67CBA121FA2C38600F40F0F /* HSYRecommendTableViewCell.m in Sources */,
				A67CBA131FA2C38600F40F0F /* HSYShopingBanderTableViewCell.h in Sources */,
				A67CBA141FA2C38600F40F0F /* HSYShopingBanderTableViewCell.m in Sources */,
				A67CBA151FA2C38600F40F0F /* HSYThePoorTableViewCell.h in Sources */,
				A67CBA161FA2C38600F40F0F /* HSYThePoorTableViewCell.m in Sources */,
				A60EB1191FA1E4F8003A1157 /* CWDrawerTransition.h in Sources */,
				A60EB11A1FA1E4F8003A1157 /* CWDrawerTransition.m in Sources */,
				A61DC5401FA7000E0091533A /* EXSegmentedControl.m in Sources */,
				A60EB11B1FA1E4F8003A1157 /* CWInteractiveTransition.h in Sources */,
				A61DC5461FA72AC80091533A /* EXKeyboardPhotoViewController.m in Sources */,
				A60EB11C1FA1E4F8003A1157 /* CWInteractiveTransition.m in Sources */,
				A60EB11D1FA1E4F8003A1157 /* CWLateralSlideAnimator.h in Sources */,
				A60EB11E1FA1E4F8003A1157 /* CWLateralSlideAnimator.m in Sources */,
				A67466C31FA7FD0B0097E77C /* EXKeyboardPhotoCollectionViewCell.m in Sources */,
				A60EB11F1FA1E4F8003A1157 /* CWLateralSlideConfiguration.h in Sources */,
				A60EB1201FA1E4F8003A1157 /* CWLateralSlideConfiguration.m in Sources */,
				A60EB1211FA1E4F8003A1157 /* UIViewController+CWLateralSlide.h in Sources */,
				A60EB1221FA1E4F8003A1157 /* UIViewController+CWLateralSlide.m in Sources */,
				A60AE6C31F99AEA300229AFE /* YYCache.h in Sources */,
				A60EB1271FA2AF1C003A1157 /* EXLeftModel.m in Sources */,
				A60AE6C41F99AEA300229AFE /* YYCache.m in Sources */,
				A60AE6C51F99AEA300229AFE /* YYDiskCache.h in Sources */,
				A60AE6C61F99AEA300229AFE /* YYDiskCache.m in Sources */,
				A60AE6C71F99AEA300229AFE /* YYKVStorage.h in Sources */,
				A60AE6C81F99AEA300229AFE /* YYKVStorage.m in Sources */,
				A60AE6C91F99AEA300229AFE /* YYMemoryCache.h in Sources */,
				A60C72B31F9DF0690070C586 /* EX_BaseCollectionViewCell.m in Sources */,
				A69BB3CD1F9F183A000C6C03 /* EXShopMallsViewController.m in Sources */,
				A60AE6CA1F99AEA300229AFE /* YYMemoryCache.m in Sources */,
				A60AE6BD1F99A4DC00229AFE /* WYNetworkCache.h in Sources */,
				A67CBA1B1FA2DE3000F40F0F /* EXGoodsRecommendViewController.m in Sources */,
				A60AE6BE1F99A4DC00229AFE /* WYNetworkCache.m in Sources */,
				A60AE6BF1F99A4DC00229AFE /* WYNetworkHelper.h in Sources */,
				A60AE6C01F99A4DC00229AFE /* WYNetworkHelper.m in Sources */,
				A659BD301FA31BFF008F60F8 /* EXGoodsModel.m in Sources */,
				A60AE6C11F99A4DC00229AFE /* WYSessionManger.h in Sources */,
				A60AE6C21F99A4DC00229AFE /* WYSessionManger.m in Sources */,
				A66F984D1FA0646000D33340 /* EXGoodsInfoTableViewCell.m in Sources */,
				A6DE56DE1F9DBEEF0082F256 /* EX_SubChannelModel.m in Sources */,
				A60EB12B1FA2B149003A1157 /* EXSubjectViewController.m in Sources */,
				A61DC5341FA6B7CA0091533A /* EXCopyEditorViewController.m in Sources */,
				A692EE8F1F8B556A00201C47 /* EX_leftHeadView.m in Sources */,
				A6DE56F11F9DCAF20082F256 /* UIColor+Category.m in Sources */,
				A6D4F1D21F7F3DC5007BC8F0 /* EX_BaseModel.m in Sources */,
				A67CBA231FA2F9EB00F40F0F /* EXNavigationView.m in Sources */,
				A60AE6B81F99A00B00229AFE /* EX_ChannelModel.m in Sources */,
				A60AE6A01F99906800229AFE /* EX_BaseViewController.m in Sources */,
				A692EE931F8B5AD400201C47 /* UILabel+ZDKExtent.m in Sources */,
				A61DC5391FA6D3060091533A /* EXEditorTextView.m in Sources */,
				A6D4F1751F7F2F6B007BC8F0 /* ViewController.m in Sources */,
				A6D4F1BD1F7F334E007BC8F0 /* EX_NavigationController.m in Sources */,
				A61DC5311FA6B7B60091533A /* EXMoveShootViewController.m in Sources */,
				A6D4F1C01F7F3376007BC8F0 /* EX_TabBarController.m in Sources */,
				A6D4F1C61F7F3422007BC8F0 /* EX_VideoViewController.m in Sources */,
				A6D4F1721F7F2F6B007BC8F0 /* AppDelegate.m in Sources */,
				A6D4F1BA1F7F3248007BC8F0 /* AppDelegate+Category.m in Sources */,
				A6D4F1C91F7F3430007BC8F0 /* EX_PracticeController.m in Sources */,
				A692EE9C1F8B698A00201C47 /* EX_PracticeCell.m in Sources */,
				A6D4F1D91F7F40F3007BC8F0 /* UIBarButtonItem+Category.m in Sources */,
				A6DE56E11F9DBF1C0082F256 /* EX_ContentModel.m in Sources */,
				A692EE961F8B616F00201C47 /* UIView+WY_Extenison.m in Sources */,
				A6D4F1DC1F7F426A007BC8F0 /* NSString+FriendExtenison.m in Sources */,
				A60AE6BC1F99A1FB00229AFE /* EXSeviceRequestManger.m in Sources */,
				A692EE891F8B4F6F00201C47 /* EX_LeftTableViewCell.m in Sources */,
				A6D4F16F1F7F2F6B007BC8F0 /* main.m in Sources */,
				A60AE6A51F99941E00229AFE /* EX_Tools.m in Sources */,
				A60AE69D1F998D2D00229AFE /* EX_BaseView.m in Sources */,
				A67466CE1FA8780D0097E77C /* RewriteButton.m in Sources */,
				A61DC5491FA72BEF0091533A /* EXPhotoPreviewViewController.m in Sources */,
				A692EE991F8B697300201C47 /* EX_praticeHeadView.m in Sources */,
				A692EE8C1F8B4FFA00201C47 /* EX_BaseTbaleViewCell.m in Sources */,
				A6D4F1CF1F7F399D007BC8F0 /* UIImage+Category.m in Sources */,
				A6FE1E891F99EBFB00948D74 /* EXShopInfoModel.m in Sources */,
				A67CBA271FA3081B00F40F0F /* EXGoodsFootView.m in Sources */,
				A6D4F1EF1F7F5DED007BC8F0 /* EX_LeftController.m in Sources */,
			);
			runOnlyForDeploymentPostprocessing = 0;
		};
		A6D4F17F1F7F2F6B007BC8F0 /* Sources */ = {
			isa = PBXSourcesBuildPhase;
			buildActionMask = 2147483647;
			files = (
				A6D4F1881F7F2F6B007BC8F0 /* ExperimentAppTests.m in Sources */,
			);
			runOnlyForDeploymentPostprocessing = 0;
		};
		A6D4F18A1F7F2F6B007BC8F0 /* Sources */ = {
			isa = PBXSourcesBuildPhase;
			buildActionMask = 2147483647;
			files = (
				A6D4F1931F7F2F6B007BC8F0 /* ExperimentAppUITests.m in Sources */,
			);
			runOnlyForDeploymentPostprocessing = 0;
		};
/* End PBXSourcesBuildPhase section */

/* Begin PBXTargetDependency section */
		A6D4F1851F7F2F6B007BC8F0 /* PBXTargetDependency */ = {
			isa = PBXTargetDependency;
			target = A6D4F1691F7F2F6B007BC8F0 /* ExperimentApp */;
			targetProxy = A6D4F1841F7F2F6B007BC8F0 /* PBXContainerItemProxy */;
		};
		A6D4F1901F7F2F6B007BC8F0 /* PBXTargetDependency */ = {
			isa = PBXTargetDependency;
			target = A6D4F1691F7F2F6B007BC8F0 /* ExperimentApp */;
			targetProxy = A6D4F18F1F7F2F6B007BC8F0 /* PBXContainerItemProxy */;
		};
/* End PBXTargetDependency section */

/* Begin PBXVariantGroup section */
		A6D4F1761F7F2F6B007BC8F0 /* Main.storyboard */ = {
			isa = PBXVariantGroup;
			children = (
				A6D4F1771F7F2F6B007BC8F0 /* Base */,
			);
			name = Main.storyboard;
			sourceTree = "<group>";
		};
		A6D4F17B1F7F2F6B007BC8F0 /* LaunchScreen.storyboard */ = {
			isa = PBXVariantGroup;
			children = (
				A6D4F17C1F7F2F6B007BC8F0 /* Base */,
			);
			name = LaunchScreen.storyboard;
			sourceTree = "<group>";
		};
/* End PBXVariantGroup section */

/* Begin XCBuildConfiguration section */
		A6D4F1951F7F2F6B007BC8F0 /* Debug */ = {
			isa = XCBuildConfiguration;
			buildSettings = {
				ALWAYS_SEARCH_USER_PATHS = NO;
				CLANG_ANALYZER_NONNULL = YES;
				CLANG_ANALYZER_NUMBER_OBJECT_CONVERSION = YES_AGGRESSIVE;
				CLANG_CXX_LANGUAGE_STANDARD = "gnu++0x";
				CLANG_CXX_LIBRARY = "libc++";
				CLANG_ENABLE_MODULES = YES;
				CLANG_ENABLE_OBJC_ARC = YES;
				CLANG_WARN_BLOCK_CAPTURE_AUTORELEASING = YES;
				CLANG_WARN_BOOL_CONVERSION = YES;
				CLANG_WARN_COMMA = YES;
				CLANG_WARN_CONSTANT_CONVERSION = YES;
				CLANG_WARN_DIRECT_OBJC_ISA_USAGE = YES_ERROR;
				CLANG_WARN_DOCUMENTATION_COMMENTS = YES;
				CLANG_WARN_EMPTY_BODY = YES;
				CLANG_WARN_ENUM_CONVERSION = YES;
				CLANG_WARN_INFINITE_RECURSION = YES;
				CLANG_WARN_INT_CONVERSION = YES;
				CLANG_WARN_NON_LITERAL_NULL_CONVERSION = YES;
				CLANG_WARN_OBJC_LITERAL_CONVERSION = YES;
				CLANG_WARN_OBJC_ROOT_CLASS = YES_ERROR;
				CLANG_WARN_RANGE_LOOP_ANALYSIS = YES;
				CLANG_WARN_STRICT_PROTOTYPES = YES;
				CLANG_WARN_SUSPICIOUS_MOVE = YES;
				CLANG_WARN_UNREACHABLE_CODE = YES;
				CLANG_WARN__DUPLICATE_METHOD_MATCH = YES;
				"CODE_SIGN_IDENTITY[sdk=iphoneos*]" = "iPhone Developer";
				COPY_PHASE_STRIP = NO;
				DEBUG_INFORMATION_FORMAT = dwarf;
				ENABLE_STRICT_OBJC_MSGSEND = YES;
				ENABLE_TESTABILITY = YES;
				GCC_C_LANGUAGE_STANDARD = gnu99;
				GCC_DYNAMIC_NO_PIC = NO;
				GCC_NO_COMMON_BLOCKS = YES;
				GCC_OPTIMIZATION_LEVEL = 0;
				GCC_PREPROCESSOR_DEFINITIONS = (
					"DEBUG=1",
					"$(inherited)",
				);
				GCC_WARN_64_TO_32_BIT_CONVERSION = YES;
				GCC_WARN_ABOUT_RETURN_TYPE = YES_ERROR;
				GCC_WARN_UNDECLARED_SELECTOR = YES;
				GCC_WARN_UNINITIALIZED_AUTOS = YES_AGGRESSIVE;
				GCC_WARN_UNUSED_FUNCTION = YES;
				GCC_WARN_UNUSED_VARIABLE = YES;
				IPHONEOS_DEPLOYMENT_TARGET = 10.3;
				MTL_ENABLE_DEBUG_INFO = YES;
				ONLY_ACTIVE_ARCH = YES;
				SDKROOT = iphoneos;
				TARGETED_DEVICE_FAMILY = "1,2";
			};
			name = Debug;
		};
		A6D4F1961F7F2F6B007BC8F0 /* Release */ = {
			isa = XCBuildConfiguration;
			buildSettings = {
				ALWAYS_SEARCH_USER_PATHS = NO;
				CLANG_ANALYZER_NONNULL = YES;
				CLANG_ANALYZER_NUMBER_OBJECT_CONVERSION = YES_AGGRESSIVE;
				CLANG_CXX_LANGUAGE_STANDARD = "gnu++0x";
				CLANG_CXX_LIBRARY = "libc++";
				CLANG_ENABLE_MODULES = YES;
				CLANG_ENABLE_OBJC_ARC = YES;
				CLANG_WARN_BLOCK_CAPTURE_AUTORELEASING = YES;
				CLANG_WARN_BOOL_CONVERSION = YES;
				CLANG_WARN_COMMA = YES;
				CLANG_WARN_CONSTANT_CONVERSION = YES;
				CLANG_WARN_DIRECT_OBJC_ISA_USAGE = YES_ERROR;
				CLANG_WARN_DOCUMENTATION_COMMENTS = YES;
				CLANG_WARN_EMPTY_BODY = YES;
				CLANG_WARN_ENUM_CONVERSION = YES;
				CLANG_WARN_INFINITE_RECURSION = YES;
				CLANG_WARN_INT_CONVERSION = YES;
				CLANG_WARN_NON_LITERAL_NULL_CONVERSION = YES;
				CLANG_WARN_OBJC_LITERAL_CONVERSION = YES;
				CLANG_WARN_OBJC_ROOT_CLASS = YES_ERROR;
				CLANG_WARN_RANGE_LOOP_ANALYSIS = YES;
				CLANG_WARN_STRICT_PROTOTYPES = YES;
				CLANG_WARN_SUSPICIOUS_MOVE = YES;
				CLANG_WARN_UNREACHABLE_CODE = YES;
				CLANG_WARN__DUPLICATE_METHOD_MATCH = YES;
				"CODE_SIGN_IDENTITY[sdk=iphoneos*]" = "iPhone Developer";
				COPY_PHASE_STRIP = NO;
				DEBUG_INFORMATION_FORMAT = "dwarf-with-dsym";
				ENABLE_NS_ASSERTIONS = NO;
				ENABLE_STRICT_OBJC_MSGSEND = YES;
				GCC_C_LANGUAGE_STANDARD = gnu99;
				GCC_NO_COMMON_BLOCKS = YES;
				GCC_WARN_64_TO_32_BIT_CONVERSION = YES;
				GCC_WARN_ABOUT_RETURN_TYPE = YES_ERROR;
				GCC_WARN_UNDECLARED_SELECTOR = YES;
				GCC_WARN_UNINITIALIZED_AUTOS = YES_AGGRESSIVE;
				GCC_WARN_UNUSED_FUNCTION = YES;
				GCC_WARN_UNUSED_VARIABLE = YES;
				IPHONEOS_DEPLOYMENT_TARGET = 10.3;
				MTL_ENABLE_DEBUG_INFO = NO;
				SDKROOT = iphoneos;
				TARGETED_DEVICE_FAMILY = "1,2";
				VALIDATE_PRODUCT = YES;
			};
			name = Release;
		};
		A6D4F1981F7F2F6B007BC8F0 /* Debug */ = {
			isa = XCBuildConfiguration;
			baseConfigurationReference = 376E7E785ED3C3DBD3C75AC0 /* Pods-ExperimentApp.debug.xcconfig */;
			buildSettings = {
				ASSETCATALOG_COMPILER_APPICON_NAME = AppIcon;
				GCC_PREFIX_HEADER = "$(SRCROOT)/Class/Utils/Definition/MyKit.h";
				INFOPLIST_FILE = ExperimentApp/Info.plist;
				IPHONEOS_DEPLOYMENT_TARGET = 10.1;
				LD_RUNPATH_SEARCH_PATHS = "$(inherited) @executable_path/Frameworks";
				PRODUCT_BUNDLE_IDENTIFIER = com.ExperimentApp.cn;
				PRODUCT_NAME = "$(TARGET_NAME)";
			};
			name = Debug;
		};
		A6D4F1991F7F2F6B007BC8F0 /* Release */ = {
			isa = XCBuildConfiguration;
			baseConfigurationReference = BA595DD93A5A2639DBE816FC /* Pods-ExperimentApp.release.xcconfig */;
			buildSettings = {
				ASSETCATALOG_COMPILER_APPICON_NAME = AppIcon;
				GCC_PREFIX_HEADER = "$(SRCROOT)/Class/Utils/Definition/MyKit.h";
				INFOPLIST_FILE = ExperimentApp/Info.plist;
				IPHONEOS_DEPLOYMENT_TARGET = 10.1;
				LD_RUNPATH_SEARCH_PATHS = "$(inherited) @executable_path/Frameworks";
				PRODUCT_BUNDLE_IDENTIFIER = com.ExperimentApp.cn;
				PRODUCT_NAME = "$(TARGET_NAME)";
			};
			name = Release;
		};
		A6D4F19B1F7F2F6B007BC8F0 /* Debug */ = {
			isa = XCBuildConfiguration;
			baseConfigurationReference = 599EDEDE3D93F68A158C0231 /* Pods-ExperimentAppTests.debug.xcconfig */;
			buildSettings = {
				BUNDLE_LOADER = "$(TEST_HOST)";
				INFOPLIST_FILE = ExperimentAppTests/Info.plist;
				LD_RUNPATH_SEARCH_PATHS = "$(inherited) @executable_path/Frameworks @loader_path/Frameworks";
				PRODUCT_BUNDLE_IDENTIFIER = com.GDBank.Company.ExperimentAppTests;
				PRODUCT_NAME = "$(TARGET_NAME)";
				TEST_HOST = "$(BUILT_PRODUCTS_DIR)/ExperimentApp.app/ExperimentApp";
			};
			name = Debug;
		};
		A6D4F19C1F7F2F6B007BC8F0 /* Release */ = {
			isa = XCBuildConfiguration;
			baseConfigurationReference = 467B6C5F1CEE69846166BAA5 /* Pods-ExperimentAppTests.release.xcconfig */;
			buildSettings = {
				BUNDLE_LOADER = "$(TEST_HOST)";
				INFOPLIST_FILE = ExperimentAppTests/Info.plist;
				LD_RUNPATH_SEARCH_PATHS = "$(inherited) @executable_path/Frameworks @loader_path/Frameworks";
				PRODUCT_BUNDLE_IDENTIFIER = com.GDBank.Company.ExperimentAppTests;
				PRODUCT_NAME = "$(TARGET_NAME)";
				TEST_HOST = "$(BUILT_PRODUCTS_DIR)/ExperimentApp.app/ExperimentApp";
			};
			name = Release;
		};
		A6D4F19E1F7F2F6B007BC8F0 /* Debug */ = {
			isa = XCBuildConfiguration;
			baseConfigurationReference = D29A4B6FF5A9CA9F32B85039 /* Pods-ExperimentAppUITests.debug.xcconfig */;
			buildSettings = {
				INFOPLIST_FILE = ExperimentAppUITests/Info.plist;
				LD_RUNPATH_SEARCH_PATHS = "$(inherited) @executable_path/Frameworks @loader_path/Frameworks";
				PRODUCT_BUNDLE_IDENTIFIER = com.GDBank.Company.ExperimentAppUITests;
				PRODUCT_NAME = "$(TARGET_NAME)";
				TEST_TARGET_NAME = ExperimentApp;
			};
			name = Debug;
		};
		A6D4F19F1F7F2F6B007BC8F0 /* Release */ = {
			isa = XCBuildConfiguration;
			baseConfigurationReference = 5F67374644098767BBDE0066 /* Pods-ExperimentAppUITests.release.xcconfig */;
			buildSettings = {
				INFOPLIST_FILE = ExperimentAppUITests/Info.plist;
				LD_RUNPATH_SEARCH_PATHS = "$(inherited) @executable_path/Frameworks @loader_path/Frameworks";
				PRODUCT_BUNDLE_IDENTIFIER = com.GDBank.Company.ExperimentAppUITests;
				PRODUCT_NAME = "$(TARGET_NAME)";
				TEST_TARGET_NAME = ExperimentApp;
			};
			name = Release;
		};
/* End XCBuildConfiguration section */

/* Begin XCConfigurationList section */
		A6D4F1651F7F2F6B007BC8F0 /* Build configuration list for PBXProject "ExperimentApp" */ = {
			isa = XCConfigurationList;
			buildConfigurations = (
				A6D4F1951F7F2F6B007BC8F0 /* Debug */,
				A6D4F1961F7F2F6B007BC8F0 /* Release */,
			);
			defaultConfigurationIsVisible = 0;
			defaultConfigurationName = Release;
		};
		A6D4F1971F7F2F6B007BC8F0 /* Build configuration list for PBXNativeTarget "ExperimentApp" */ = {
			isa = XCConfigurationList;
			buildConfigurations = (
				A6D4F1981F7F2F6B007BC8F0 /* Debug */,
				A6D4F1991F7F2F6B007BC8F0 /* Release */,
			);
			defaultConfigurationIsVisible = 0;
			defaultConfigurationName = Release;
		};
		A6D4F19A1F7F2F6B007BC8F0 /* Build configuration list for PBXNativeTarget "ExperimentAppTests" */ = {
			isa = XCConfigurationList;
			buildConfigurations = (
				A6D4F19B1F7F2F6B007BC8F0 /* Debug */,
				A6D4F19C1F7F2F6B007BC8F0 /* Release */,
			);
			defaultConfigurationIsVisible = 0;
			defaultConfigurationName = Release;
		};
		A6D4F19D1F7F2F6B007BC8F0 /* Build configuration list for PBXNativeTarget "ExperimentAppUITests" */ = {
			isa = XCConfigurationList;
			buildConfigurations = (
				A6D4F19E1F7F2F6B007BC8F0 /* Debug */,
				A6D4F19F1F7F2F6B007BC8F0 /* Release */,
			);
			defaultConfigurationIsVisible = 0;
			defaultConfigurationName = Release;
		};
/* End XCConfigurationList section */
	};
	rootObject = A6D4F1621F7F2F6B007BC8F0 /* Project object */;
}
